
Microsoft Visual Studio Solution File, Format Version 12.00
# Visual Studio Version 16
VisualStudioVersion = 16.0.30804.86
MinimumVisualStudioVersion = 10.0.40219.1
Project("{8BC9CEB8-8B4A-11D0-8D11-00A0C91BC942}") = "3-b06", "3-b6\3-b6.vcxproj", "{14AF2842-8B0F-4AF1-A281-6D3D00959D1A}"
EndProject
Project("{8BC9CEB8-8B4A-11D0-8D11-00A0C91BC942}") = "3-b06C", "3-b6C\3-b6C.vcxproj", "{08FDF989-1AAE-4F6B-842A-852BD07E56A7}"
EndProject
Project("{8BC9CEB8-8B4A-11D0-8D11-00A0C91BC942}") = "3-b07", "3-b7\3-b7.vcxproj", "{3605A3A0-0E36-4BD9-8C2E-B34EF96608EA}"
EndProject
Project("{8BC9CEB8-8B4A-11D0-8D11-00A0C91BC942}") = "3-b02", "Project1\Project1.vcxproj", "{BC445D28-569B-479F-A767-4156F7AB6410}"
EndProject
Project("{8BC9CEB8-8B4A-11D0-8D11-00A0C91BC942}") = "3-b02C", "Project1 C\Project1 C.vcxproj", "{E18C6FF5-0378-48F8-BBBE-835FAE9692CC}"
EndProject
Project("{8BC9CEB8-8B4A-11D0-8D11-00A0C91BC942}") = "3-b07C", "3-b7C\3-b7C.vcxproj", "{3287DF23-9701-4CF4-A8F5-E1A7583F0B04}"
EndProject
Project("{8BC9CEB8-8B4A-11D0-8D11-00A0C91BC942}") = "3-b08", "3-b8\3-b8.vcxproj", "{43EA2F00-2C99-4C21-81A8-6464B8BC7BB8}"
EndProject
Project("{8BC9CEB8-8B4A-11D0-8D11-00A0C91BC942}") = "3-b08C", "3-b8C\3-b8C.vcxproj", "{18ED3F0A-CE5D-4D06-8376-83BBB75091DB}"
EndProject
Project("{8BC9CEB8-8B4A-11D0-8D11-00A0C91BC942}") = "3-b09", "3-b9\3-b9.vcxproj", "{97A37FA2-392D-4FE2-AFEF-E9C1A8BB45EB}"
EndProject
Project("{8BC9CEB8-8B4A-11D0-8D11-00A0C91BC942}") = "3-b09C", "3-b9C\3-b9C.vcxproj", "{89212ED0-CBAD-41AF-A4AF-2C97862A0A7D}"
EndProject
Project("{8BC9CEB8-8B4A-11D0-8D11-00A0C91BC942}") = "3-b10", "3-b10\3-b10.vcxproj", "{640FF844-9880-43EB-A64B-8AF995AA2092}"
EndProject
Project("{8BC9CEB8-8B4A-11D0-8D11-00A0C91BC942}") = "3-b10C", "3-b10C\3-b10C.vcxproj", "{33ECD830-4973-4C9E-A0FF-A9D63BC2A2CD}"
EndProject
Project("{8BC9CEB8-8B4A-11D0-8D11-00A0C91BC942}") = "3-b11", "3-b11\3-b11.vcxproj", "{F6F33389-D9B3-4657-83EC-ECB85A06AABB}"
EndProject
Project("{8BC9CEB8-8B4A-11D0-8D11-00A0C91BC942}") = "3-b11C", "3-b11C\3-b11C.vcxproj", "{0050352F-0D28-4F8B-9BFA-7D9DA80601C8}"
EndProject
Project("{8BC9CEB8-8B4A-11D0-8D11-00A0C91BC942}") = "3-b12", "3-b12\3-b12.vcxproj", "{38E3E983-1A78-4EE6-A2D6-07501D445647}"
EndProject
Project("{8BC9CEB8-8B4A-11D0-8D11-00A0C91BC942}") = "3-b12C", "3-b12C\3-b12C.vcxproj", "{7442109C-A829-4FB2-B78A-571339E9AC75}"
EndProject
Project("{8BC9CEB8-8B4A-11D0-8D11-00A0C91BC942}") = "3-b13", "3-b13\3-b13.vcxproj", "{EB3E63C3-9505-4945-A71A-FCB5E3E4D4FE}"
EndProject
Project("{8BC9CEB8-8B4A-11D0-8D11-00A0C91BC942}") = "3-b13C", "3-b13C\3-b13C.vcxproj", "{997E3929-313B-4E50-894B-8F1560619B40}"
EndProject
Project("{8BC9CEB8-8B4A-11D0-8D11-00A0C91BC942}") = "4-b01", "4-b1\4-b1.vcxproj", "{37BE52F7-0616-463F-A589-09E5689D13BE}"
EndProject
Project("{8BC9CEB8-8B4A-11D0-8D11-00A0C91BC942}") = "4-b02", "4-b2\4-b2.vcxproj", "{0D0EFC22-3ABB-4F6B-9D8A-10D94ABF6299}"
EndProject
Project("{8BC9CEB8-8B4A-11D0-8D11-00A0C91BC942}") = "4-b02C", "4-b2C\4-b2C.vcxproj", "{35D7254C-4E51-4FBF-81A5-E58912C007E2}"
EndProject
Project("{8BC9CEB8-8B4A-11D0-8D11-00A0C91BC942}") = "4-b03", "4-b3\4-b3.vcxproj", "{0A1F3FF2-8D7E-439D-B879-7B5F4DEFCAA6}"
EndProject
Project("{8BC9CEB8-8B4A-11D0-8D11-00A0C91BC942}") = "4-b03C", "4-b3C\4-b3C.vcxproj", "{A89D6A45-B4BD-49AA-96FA-9172294E2361}"
EndProject
Project("{8BC9CEB8-8B4A-11D0-8D11-00A0C91BC942}") = "4-b04", "4-b4\4-b4.vcxproj", "{5727A92A-402B-4C7A-A37A-AEC8356874A6}"
EndProject
Project("{8BC9CEB8-8B4A-11D0-8D11-00A0C91BC942}") = "4-b04C", "4-b4C\4-b4C.vcxproj", "{17A305C3-978F-4358-8128-E5E9D35FA619}"
EndProject
Project("{8BC9CEB8-8B4A-11D0-8D11-00A0C91BC942}") = "3-b03", "Project2\Project2.vcxproj", "{2D7AD3A9-B7C5-4715-8E3A-5587EF1DC42E}"
EndProject
Project("{8BC9CEB8-8B4A-11D0-8D11-00A0C91BC942}") = "3-b03C", "Project2 C\Project2 C.vcxproj", "{FD6312DB-FDAE-4484-BE5A-06DC6A8C530F}"
EndProject
Project("{8BC9CEB8-8B4A-11D0-8D11-00A0C91BC942}") = "3-b04", "Project3\Project3.vcxproj", "{91CF2C07-12B9-4587-9F01-1F4D99363A1F}"
EndProject
Project("{8BC9CEB8-8B4A-11D0-8D11-00A0C91BC942}") = "3-b04C", "Project3 C\Project3 C.vcxproj", "{C59715CE-EA0C-49F7-9E78-A5DABE4AD462}"
EndProject
Project("{8BC9CEB8-8B4A-11D0-8D11-00A0C91BC942}") = "3-b05", "Project4\Project4.vcxproj", "{886A20A3-D8E8-40F1-8CE8-4DB5B423F500}"
EndProject
Project("{8BC9CEB8-8B4A-11D0-8D11-00A0C91BC942}") = "3-b05C", "Project4 C\Project4 C.vcxproj", "{D71532C9-814E-49AD-81AB-00C0E3B63E49}"
EndProject
Project("{8BC9CEB8-8B4A-11D0-8D11-00A0C91BC942}") = "4-b06", "4-b6\4-b6.vcxproj", "{A78C9B81-D984-4F8C-B6BE-715EE883AC35}"
EndProject
Project("{8BC9CEB8-8B4A-11D0-8D11-00A0C91BC942}") = "4-b07", "4-b7\4-b7.vcxproj", "{1E20DF08-F22E-4642-9639-1CACC85A68DF}"
EndProject
Project("{8BC9CEB8-8B4A-11D0-8D11-00A0C91BC942}") = "4-b08", "4-b8\4-b8.vcxproj", "{F92AF9D8-AFD7-48A6-9FFF-B846FF64CB74}"
EndProject
Project("{8BC9CEB8-8B4A-11D0-8D11-00A0C91BC942}") = "4-b09", "4-b9\4-b9.vcxproj", "{463D82E1-0C4A-4727-8950-F3D1BD48DB15}"
EndProject
Project("{8BC9CEB8-8B4A-11D0-8D11-00A0C91BC942}") = "4-b10C", "4-b10C\4-b10C.vcxproj", "{66DA06EA-411E-46DF-A678-F4DCD12B7598}"
EndProject
Project("{8BC9CEB8-8B4A-11D0-8D11-00A0C91BC942}") = "4-b11", "4-b11\4-b11.vcxproj", "{1CE3A349-BD0F-48C0-89E7-8763BE1ED26F}"
EndProject
Project("{8BC9CEB8-8B4A-11D0-8D11-00A0C91BC942}") = "4-b13", "4-b13\4-b13.vcxproj", "{57A7B60B-009D-450E-8B2E-8D44617B0C89}"
EndProject
Project("{8BC9CEB8-8B4A-11D0-8D11-00A0C91BC942}") = "4-b12", "4-b12\4-b12.vcxproj", "{DC171340-060A-4857-88AD-2E32901F4D4D}"
EndProject
Project("{8BC9CEB8-8B4A-11D0-8D11-00A0C91BC942}") = "4-b14", "4-b14\4-b14.vcxproj", "{E2201F4A-FA60-4502-9B06-C79A8750B9E7}"
EndProject
Project("{8BC9CEB8-8B4A-11D0-8D11-00A0C91BC942}") = "4-b15", "4-b15\4-b15.vcxproj", "{29B2A2E8-06D4-44AB-ACA9-47B142F40D8E}"
EndProject
Project("{8BC9CEB8-8B4A-11D0-8D11-00A0C91BC942}") = "4-b16", "4-b16\4-b16.vcxproj", "{CBCF1AFF-E99D-434A-A800-8DB0BAF9F75C}"
EndProject
Project("{8BC9CEB8-8B4A-11D0-8D11-00A0C91BC942}") = "4-b17", "4-b17\4-b17.vcxproj", "{22D78C1F-CA3E-41DB-8D6C-5F3E55B0F3AC}"
EndProject
Project("{8BC9CEB8-8B4A-11D0-8D11-00A0C91BC942}") = "5-b01", "5-b1\5-b1.vcxproj", "{9B454F6D-CD1F-470C-BF2B-A67DBBD97D39}"
EndProject
Project("{8BC9CEB8-8B4A-11D0-8D11-00A0C91BC942}") = "5-b02", "5-b2\5-b2.vcxproj", "{125BF644-A42C-4CEB-BA51-4A9FB4C9ABD2}"
EndProject
Project("{8BC9CEB8-8B4A-11D0-8D11-00A0C91BC942}") = "5-b03", "5-b3\5-b3.vcxproj", "{84A0A8AD-EE42-4D3F-A33D-820FBAE0CE56}"
EndProject
Project("{8BC9CEB8-8B4A-11D0-8D11-00A0C91BC942}") = "5-b04", "5-b4\5-b4.vcxproj", "{EF966737-B428-4AEF-A460-9438A93B05D5}"
EndProject
Project("{8BC9CEB8-8B4A-11D0-8D11-00A0C91BC942}") = "5-b05", "5-b5\5-b5.vcxproj", "{77D2D5FD-C950-4FA5-8C79-DDD529BB0C3D}"
EndProject
Project("{8BC9CEB8-8B4A-11D0-8D11-00A0C91BC942}") = "5-b06-1", "5-b6-1\5-b6-1.vcxproj", "{441484B1-78B0-4A16-B7F1-966174E94183}"
EndProject
Project("{8BC9CEB8-8B4A-11D0-8D11-00A0C91BC942}") = "5-b06-2", "5-b6-2\5-b6-2.vcxproj", "{16FA36F0-C32A-4932-AC7B-45804F4B5B4D}"
EndProject
Project("{8BC9CEB8-8B4A-11D0-8D11-00A0C91BC942}") = "5-b07", "5-b7\5-b7.vcxproj", "{542A570A-76D3-4FF2-A3A8-D7EEC90E2C22}"
EndProject
Project("{8BC9CEB8-8B4A-11D0-8D11-00A0C91BC942}") = "5-b08", "5-b8\5-b8.vcxproj", "{52D924B4-2326-475C-A995-FA3716935E7C}"
EndProject
Project("{8BC9CEB8-8B4A-11D0-8D11-00A0C91BC942}") = "5-b09", "5-b9\5-b9.vcxproj", "{D1B905C1-4DE1-487C-981A-E644028A40CD}"
EndProject
Project("{8BC9CEB8-8B4A-11D0-8D11-00A0C91BC942}") = "5-b09-datagen", "5-b9-datagen\5-b9-datagen.vcxproj", "{EFEAD8F2-9A32-45F0-B6A8-17EFF4EB4CBA}"
EndProject
Project("{8BC9CEB8-8B4A-11D0-8D11-00A0C91BC942}") = "5-b10", "5-b10\5-b10.vcxproj", "{94B8C960-8DB4-4EA0-A96F-EF635A3B883F}"
EndProject
Project("{8BC9CEB8-8B4A-11D0-8D11-00A0C91BC942}") = "5-b10延时版本", "5-b10延时版本\5-b10延时版本.vcxproj", "{1AD09B63-A4FB-4FA9-A182-1CEC5A84D3B0}"
EndProject
Project("{8BC9CEB8-8B4A-11D0-8D11-00A0C91BC942}") = "5-b11-1", "5-b11-1\5-b11-1.vcxproj", "{0101C6E2-2098-4AE2-99DA-5F4D04EE4FEF}"
EndProject
Project("{8BC9CEB8-8B4A-11D0-8D11-00A0C91BC942}") = "5-b11-2", "5-b11-2\5-b11-2.vcxproj", "{89F6AFEC-0A9A-434C-80BC-0516ED1E33AC}"
EndProject
Project("{8BC9CEB8-8B4A-11D0-8D11-00A0C91BC942}") = "5-b12", "5-b12\5-b12.vcxproj", "{B908E4EC-7782-4DE9-A52F-EBE6382E5CC0}"
EndProject
Project("{8BC9CEB8-8B4A-11D0-8D11-00A0C91BC942}") = "5-b13", "5-b13\5-b13.vcxproj", "{630A6186-280B-41C2-A72D-6BBF40D1831A}"
EndProject
Project("{8BC9CEB8-8B4A-11D0-8D11-00A0C91BC942}") = "5-b13-CHECK", "5-b13-CHECK\5-b13-CHECK.vcxproj", "{ED0678AD-4553-43CB-AA67-4A366E947B6B}"
EndProject
Project("{8BC9CEB8-8B4A-11D0-8D11-00A0C91BC942}") = "5-b13-error1-datagen", "5-b13-error1-dategen\5-b13-error1-dategen.vcxproj", "{EFDC9F41-CD68-4688-9300-F863A8DD59D1}"
EndProject
Project("{8BC9CEB8-8B4A-11D0-8D11-00A0C91BC942}") = "5-b13-error2-datagen", "5-b13-error2-datagen.cpp\5-b13-error2-datagen.cpp.vcxproj", "{14E27AC2-674E-461B-95B0-7E57B1857A83}"
EndProject
Project("{8BC9CEB8-8B4A-11D0-8D11-00A0C91BC942}") = "5-b14", "5-b14\5-b14.vcxproj", "{1D7F7AA7-BB91-425D-8D59-4F62176FC955}"
EndProject
Project("{8BC9CEB8-8B4A-11D0-8D11-00A0C91BC942}") = "5-b15", "5-b15\5-b15.vcxproj", "{024AD03E-4C27-4BC2-9365-70145F9DAAE6}"
EndProject
Project("{8BC9CEB8-8B4A-11D0-8D11-00A0C91BC942}") = "5-b18", "5-b18\5-b18.vcxproj", "{04229767-D707-4FA8-95A7-212343CFBF90}"
EndProject
Project("{8BC9CEB8-8B4A-11D0-8D11-00A0C91BC942}") = "5-b16-1", "5-b16-1\5-b16-1.vcxproj", "{82A5C475-B641-4B26-B08D-1D173896CE51}"
EndProject
Project("{8BC9CEB8-8B4A-11D0-8D11-00A0C91BC942}") = "5-b16-2", "5-b16-2\5-b16-2.vcxproj", "{C96EB1FB-6EA0-4A6B-8236-E9F83A14CC31}"
EndProject
Project("{8BC9CEB8-8B4A-11D0-8D11-00A0C91BC942}") = "5-b17", "5-b17\5-b17.vcxproj", "{5E6E7D12-13C9-4253-B71E-E06986D5C4BD}"
EndProject
Project("{8BC9CEB8-8B4A-11D0-8D11-00A0C91BC942}") = "6-b1", "6-b1\6-b1.vcxproj", "{BD2B8643-B91D-44B8-B870-960B99A6D350}"
EndProject
Project("{8BC9CEB8-8B4A-11D0-8D11-00A0C91BC942}") = "6-b2", "6-b2\6-b2.vcxproj", "{8D852265-CB30-4B93-A569-D3A0089EC0A3}"
EndProject
Project("{8BC9CEB8-8B4A-11D0-8D11-00A0C91BC942}") = "6-b3", "6-b3\6-b3.vcxproj", "{D3D4312D-C79C-485E-BA5F-E35C2B7129FF}"
EndProject
Project("{8BC9CEB8-8B4A-11D0-8D11-00A0C91BC942}") = "6-b4", "6-b4\6-b4.vcxproj", "{A7A00AC8-2121-4A3F-80A3-66FCB82500A1}"
EndProject
Project("{8BC9CEB8-8B4A-11D0-8D11-00A0C91BC942}") = "90-b1", "90-b1\90-b1.vcxproj", "{2E1E2E5F-9CF6-4FF2-8647-313D04153074}"
EndProject
Project("{8BC9CEB8-8B4A-11D0-8D11-00A0C91BC942}") = "90-b2", "90-b2\90-b2.vcxproj", "{316B71C2-5F11-4F2A-8971-7E3BD555023F}"
EndProject
Project("{8BC9CEB8-8B4A-11D0-8D11-00A0C91BC942}") = "7-b1", "7-b1\7-b1.vcxproj", "{3337A9C8-1E06-43E9-8468-1AE83C84E11A}"
EndProject
Project("{8BC9CEB8-8B4A-11D0-8D11-00A0C91BC942}") = "7-b2", "7-b2\7-b2.vcxproj", "{9CEC46F0-EDBC-459C-8577-79F64FD81632}"
EndProject
Project("{8BC9CEB8-8B4A-11D0-8D11-00A0C91BC942}") = "4-b05C", "4-b05C\4-b05C.vcxproj", "{CF1F8E64-E5B4-43C2-8357-65F5A704568B}"
EndProject
Project("{8BC9CEB8-8B4A-11D0-8D11-00A0C91BC942}") = "test-cct", "test-cct\test-cct.vcxproj", "{47B2574B-597D-4E36-BD2C-995757F0F8D5}"
EndProject
Project("{8BC9CEB8-8B4A-11D0-8D11-00A0C91BC942}") = "VS调试工具的使用", "VS调试工具的使用\VS调试工具的使用.vcxproj", "{27D6C859-67D7-4261-B43A-2885EA363745}"
EndProject
Project("{8BC9CEB8-8B4A-11D0-8D11-00A0C91BC942}") = "8-b1", "8-b1\8-b1.vcxproj", "{D4EC2679-9C59-4D3E-9E95-3448953CC90C}"
EndProject
Project("{8BC9CEB8-8B4A-11D0-8D11-00A0C91BC942}") = "8-b2", "8-b2\8-b2.vcxproj", "{B3588800-0DFA-4279-BC64-1FF65343BC75}"
EndProject
Project("{8BC9CEB8-8B4A-11D0-8D11-00A0C91BC942}") = "8-b1-datagen", "8-b1-datagen\8-b1-datagen.vcxproj", "{9179761C-3253-4BE6-B981-562A32B7DDD1}"
EndProject
Project("{8BC9CEB8-8B4A-11D0-8D11-00A0C91BC942}") = "9-b1", "9-b1\9-b1.vcxproj", "{FAA82840-0755-46D3-A63F-6E783FA805A8}"
EndProject
Project("{8BC9CEB8-8B4A-11D0-8D11-00A0C91BC942}") = "9-b2", "9-b2\9-b2.vcxproj", "{6BEC411A-FB9D-436F-BF5F-89D8EBE0DC89}"
EndProject
Project("{8BC9CEB8-8B4A-11D0-8D11-00A0C91BC942}") = "9-b3-1", "9-b3-1\9-b3-1.vcxproj", "{431C436F-00E3-407C-A7DD-E24BB5B644F2}"
EndProject
Project("{8BC9CEB8-8B4A-11D0-8D11-00A0C91BC942}") = "9-b3-2", "9-b3-2\9-b3-2.vcxproj", "{C1A6DAAF-310B-4D7C-9A23-ADD9CF87952C}"
EndProject
Project("{8BC9CEB8-8B4A-11D0-8D11-00A0C91BC942}") = "9-b4-2", "9-b4-2\9-b4-2.vcxproj", "{3C93F73D-2EBF-461B-9CCC-7376BBA77DB0}"
EndProject
Project("{8BC9CEB8-8B4A-11D0-8D11-00A0C91BC942}") = "9-b4-1", "9-b4-1\9-b4-1.vcxproj", "{CD7ABF95-3520-4FBF-9EDB-8972F8CF6290}"
EndProject
Global
	GlobalSection(SolutionConfigurationPlatforms) = preSolution
		Debug|x64 = Debug|x64
		Debug|x86 = Debug|x86
		Release|x64 = Release|x64
		Release|x86 = Release|x86
	EndGlobalSection
	GlobalSection(ProjectConfigurationPlatforms) = postSolution
		{14AF2842-8B0F-4AF1-A281-6D3D00959D1A}.Debug|x64.ActiveCfg = Debug|x64
		{14AF2842-8B0F-4AF1-A281-6D3D00959D1A}.Debug|x64.Build.0 = Debug|x64
		{14AF2842-8B0F-4AF1-A281-6D3D00959D1A}.Debug|x86.ActiveCfg = Debug|Win32
		{14AF2842-8B0F-4AF1-A281-6D3D00959D1A}.Debug|x86.Build.0 = Debug|Win32
		{14AF2842-8B0F-4AF1-A281-6D3D00959D1A}.Release|x64.ActiveCfg = Release|x64
		{14AF2842-8B0F-4AF1-A281-6D3D00959D1A}.Release|x64.Build.0 = Release|x64
		{14AF2842-8B0F-4AF1-A281-6D3D00959D1A}.Release|x86.ActiveCfg = Release|Win32
		{14AF2842-8B0F-4AF1-A281-6D3D00959D1A}.Release|x86.Build.0 = Release|Win32
		{08FDF989-1AAE-4F6B-842A-852BD07E56A7}.Debug|x64.ActiveCfg = Debug|x64
		{08FDF989-1AAE-4F6B-842A-852BD07E56A7}.Debug|x64.Build.0 = Debug|x64
		{08FDF989-1AAE-4F6B-842A-852BD07E56A7}.Debug|x86.ActiveCfg = Debug|Win32
		{08FDF989-1AAE-4F6B-842A-852BD07E56A7}.Debug|x86.Build.0 = Debug|Win32
		{08FDF989-1AAE-4F6B-842A-852BD07E56A7}.Release|x64.ActiveCfg = Release|x64
		{08FDF989-1AAE-4F6B-842A-852BD07E56A7}.Release|x64.Build.0 = Release|x64
		{08FDF989-1AAE-4F6B-842A-852BD07E56A7}.Release|x86.ActiveCfg = Release|Win32
		{08FDF989-1AAE-4F6B-842A-852BD07E56A7}.Release|x86.Build.0 = Release|Win32
		{3605A3A0-0E36-4BD9-8C2E-B34EF96608EA}.Debug|x64.ActiveCfg = Debug|x64
		{3605A3A0-0E36-4BD9-8C2E-B34EF96608EA}.Debug|x64.Build.0 = Debug|x64
		{3605A3A0-0E36-4BD9-8C2E-B34EF96608EA}.Debug|x86.ActiveCfg = Debug|Win32
		{3605A3A0-0E36-4BD9-8C2E-B34EF96608EA}.Debug|x86.Build.0 = Debug|Win32
		{3605A3A0-0E36-4BD9-8C2E-B34EF96608EA}.Release|x64.ActiveCfg = Release|x64
		{3605A3A0-0E36-4BD9-8C2E-B34EF96608EA}.Release|x64.Build.0 = Release|x64
		{3605A3A0-0E36-4BD9-8C2E-B34EF96608EA}.Release|x86.ActiveCfg = Release|Win32
		{3605A3A0-0E36-4BD9-8C2E-B34EF96608EA}.Release|x86.Build.0 = Release|Win32
		{BC445D28-569B-479F-A767-4156F7AB6410}.Debug|x64.ActiveCfg = Debug|x64
		{BC445D28-569B-479F-A767-4156F7AB6410}.Debug|x64.Build.0 = Debug|x64
		{BC445D28-569B-479F-A767-4156F7AB6410}.Debug|x86.ActiveCfg = Debug|Win32
		{BC445D28-569B-479F-A767-4156F7AB6410}.Debug|x86.Build.0 = Debug|Win32
		{BC445D28-569B-479F-A767-4156F7AB6410}.Release|x64.ActiveCfg = Release|x64
		{BC445D28-569B-479F-A767-4156F7AB6410}.Release|x64.Build.0 = Release|x64
		{BC445D28-569B-479F-A767-4156F7AB6410}.Release|x86.ActiveCfg = Release|Win32
		{BC445D28-569B-479F-A767-4156F7AB6410}.Release|x86.Build.0 = Release|Win32
		{E18C6FF5-0378-48F8-BBBE-835FAE9692CC}.Debug|x64.ActiveCfg = Debug|x64
		{E18C6FF5-0378-48F8-BBBE-835FAE9692CC}.Debug|x64.Build.0 = Debug|x64
		{E18C6FF5-0378-48F8-BBBE-835FAE9692CC}.Debug|x86.ActiveCfg = Debug|Win32
		{E18C6FF5-0378-48F8-BBBE-835FAE9692CC}.Debug|x86.Build.0 = Debug|Win32
		{E18C6FF5-0378-48F8-BBBE-835FAE9692CC}.Release|x64.ActiveCfg = Release|x64
		{E18C6FF5-0378-48F8-BBBE-835FAE9692CC}.Release|x64.Build.0 = Release|x64
		{E18C6FF5-0378-48F8-BBBE-835FAE9692CC}.Release|x86.ActiveCfg = Release|Win32
		{E18C6FF5-0378-48F8-BBBE-835FAE9692CC}.Release|x86.Build.0 = Release|Win32
		{3287DF23-9701-4CF4-A8F5-E1A7583F0B04}.Debug|x64.ActiveCfg = Debug|x64
		{3287DF23-9701-4CF4-A8F5-E1A7583F0B04}.Debug|x64.Build.0 = Debug|x64
		{3287DF23-9701-4CF4-A8F5-E1A7583F0B04}.Debug|x86.ActiveCfg = Debug|Win32
		{3287DF23-9701-4CF4-A8F5-E1A7583F0B04}.Debug|x86.Build.0 = Debug|Win32
		{3287DF23-9701-4CF4-A8F5-E1A7583F0B04}.Release|x64.ActiveCfg = Release|x64
		{3287DF23-9701-4CF4-A8F5-E1A7583F0B04}.Release|x64.Build.0 = Release|x64
		{3287DF23-9701-4CF4-A8F5-E1A7583F0B04}.Release|x86.ActiveCfg = Release|Win32
		{3287DF23-9701-4CF4-A8F5-E1A7583F0B04}.Release|x86.Build.0 = Release|Win32
		{43EA2F00-2C99-4C21-81A8-6464B8BC7BB8}.Debug|x64.ActiveCfg = Debug|x64
		{43EA2F00-2C99-4C21-81A8-6464B8BC7BB8}.Debug|x64.Build.0 = Debug|x64
		{43EA2F00-2C99-4C21-81A8-6464B8BC7BB8}.Debug|x86.ActiveCfg = Debug|Win32
		{43EA2F00-2C99-4C21-81A8-6464B8BC7BB8}.Debug|x86.Build.0 = Debug|Win32
		{43EA2F00-2C99-4C21-81A8-6464B8BC7BB8}.Release|x64.ActiveCfg = Release|x64
		{43EA2F00-2C99-4C21-81A8-6464B8BC7BB8}.Release|x64.Build.0 = Release|x64
		{43EA2F00-2C99-4C21-81A8-6464B8BC7BB8}.Release|x86.ActiveCfg = Release|Win32
		{43EA2F00-2C99-4C21-81A8-6464B8BC7BB8}.Release|x86.Build.0 = Release|Win32
		{18ED3F0A-CE5D-4D06-8376-83BBB75091DB}.Debug|x64.ActiveCfg = Debug|x64
		{18ED3F0A-CE5D-4D06-8376-83BBB75091DB}.Debug|x64.Build.0 = Debug|x64
		{18ED3F0A-CE5D-4D06-8376-83BBB75091DB}.Debug|x86.ActiveCfg = Debug|Win32
		{18ED3F0A-CE5D-4D06-8376-83BBB75091DB}.Debug|x86.Build.0 = Debug|Win32
		{18ED3F0A-CE5D-4D06-8376-83BBB75091DB}.Release|x64.ActiveCfg = Release|x64
		{18ED3F0A-CE5D-4D06-8376-83BBB75091DB}.Release|x64.Build.0 = Release|x64
		{18ED3F0A-CE5D-4D06-8376-83BBB75091DB}.Release|x86.ActiveCfg = Release|Win32
		{18ED3F0A-CE5D-4D06-8376-83BBB75091DB}.Release|x86.Build.0 = Release|Win32
		{97A37FA2-392D-4FE2-AFEF-E9C1A8BB45EB}.Debug|x64.ActiveCfg = Debug|x64
		{97A37FA2-392D-4FE2-AFEF-E9C1A8BB45EB}.Debug|x64.Build.0 = Debug|x64
		{97A37FA2-392D-4FE2-AFEF-E9C1A8BB45EB}.Debug|x86.ActiveCfg = Debug|Win32
		{97A37FA2-392D-4FE2-AFEF-E9C1A8BB45EB}.Debug|x86.Build.0 = Debug|Win32
		{97A37FA2-392D-4FE2-AFEF-E9C1A8BB45EB}.Release|x64.ActiveCfg = Release|x64
		{97A37FA2-392D-4FE2-AFEF-E9C1A8BB45EB}.Release|x64.Build.0 = Release|x64
		{97A37FA2-392D-4FE2-AFEF-E9C1A8BB45EB}.Release|x86.ActiveCfg = Release|Win32
		{97A37FA2-392D-4FE2-AFEF-E9C1A8BB45EB}.Release|x86.Build.0 = Release|Win32
		{89212ED0-CBAD-41AF-A4AF-2C97862A0A7D}.Debug|x64.ActiveCfg = Debug|x64
		{89212ED0-CBAD-41AF-A4AF-2C97862A0A7D}.Debug|x64.Build.0 = Debug|x64
		{89212ED0-CBAD-41AF-A4AF-2C97862A0A7D}.Debug|x86.ActiveCfg = Debug|Win32
		{89212ED0-CBAD-41AF-A4AF-2C97862A0A7D}.Debug|x86.Build.0 = Debug|Win32
		{89212ED0-CBAD-41AF-A4AF-2C97862A0A7D}.Release|x64.ActiveCfg = Release|x64
		{89212ED0-CBAD-41AF-A4AF-2C97862A0A7D}.Release|x64.Build.0 = Release|x64
		{89212ED0-CBAD-41AF-A4AF-2C97862A0A7D}.Release|x86.ActiveCfg = Release|Win32
		{89212ED0-CBAD-41AF-A4AF-2C97862A0A7D}.Release|x86.Build.0 = Release|Win32
		{640FF844-9880-43EB-A64B-8AF995AA2092}.Debug|x64.ActiveCfg = Debug|x64
		{640FF844-9880-43EB-A64B-8AF995AA2092}.Debug|x64.Build.0 = Debug|x64
		{640FF844-9880-43EB-A64B-8AF995AA2092}.Debug|x86.ActiveCfg = Debug|Win32
		{640FF844-9880-43EB-A64B-8AF995AA2092}.Debug|x86.Build.0 = Debug|Win32
		{640FF844-9880-43EB-A64B-8AF995AA2092}.Release|x64.ActiveCfg = Release|x64
		{640FF844-9880-43EB-A64B-8AF995AA2092}.Release|x64.Build.0 = Release|x64
		{640FF844-9880-43EB-A64B-8AF995AA2092}.Release|x86.ActiveCfg = Release|Win32
		{640FF844-9880-43EB-A64B-8AF995AA2092}.Release|x86.Build.0 = Release|Win32
		{33ECD830-4973-4C9E-A0FF-A9D63BC2A2CD}.Debug|x64.ActiveCfg = Debug|x64
		{33ECD830-4973-4C9E-A0FF-A9D63BC2A2CD}.Debug|x64.Build.0 = Debug|x64
		{33ECD830-4973-4C9E-A0FF-A9D63BC2A2CD}.Debug|x86.ActiveCfg = Debug|Win32
		{33ECD830-4973-4C9E-A0FF-A9D63BC2A2CD}.Debug|x86.Build.0 = Debug|Win32
		{33ECD830-4973-4C9E-A0FF-A9D63BC2A2CD}.Release|x64.ActiveCfg = Release|x64
		{33ECD830-4973-4C9E-A0FF-A9D63BC2A2CD}.Release|x64.Build.0 = Release|x64
		{33ECD830-4973-4C9E-A0FF-A9D63BC2A2CD}.Release|x86.ActiveCfg = Release|Win32
		{33ECD830-4973-4C9E-A0FF-A9D63BC2A2CD}.Release|x86.Build.0 = Release|Win32
		{F6F33389-D9B3-4657-83EC-ECB85A06AABB}.Debug|x64.ActiveCfg = Debug|x64
		{F6F33389-D9B3-4657-83EC-ECB85A06AABB}.Debug|x64.Build.0 = Debug|x64
		{F6F33389-D9B3-4657-83EC-ECB85A06AABB}.Debug|x86.ActiveCfg = Debug|Win32
		{F6F33389-D9B3-4657-83EC-ECB85A06AABB}.Debug|x86.Build.0 = Debug|Win32
		{F6F33389-D9B3-4657-83EC-ECB85A06AABB}.Release|x64.ActiveCfg = Release|x64
		{F6F33389-D9B3-4657-83EC-ECB85A06AABB}.Release|x64.Build.0 = Release|x64
		{F6F33389-D9B3-4657-83EC-ECB85A06AABB}.Release|x86.ActiveCfg = Release|Win32
		{F6F33389-D9B3-4657-83EC-ECB85A06AABB}.Release|x86.Build.0 = Release|Win32
		{0050352F-0D28-4F8B-9BFA-7D9DA80601C8}.Debug|x64.ActiveCfg = Debug|x64
		{0050352F-0D28-4F8B-9BFA-7D9DA80601C8}.Debug|x64.Build.0 = Debug|x64
		{0050352F-0D28-4F8B-9BFA-7D9DA80601C8}.Debug|x86.ActiveCfg = Debug|Win32
		{0050352F-0D28-4F8B-9BFA-7D9DA80601C8}.Debug|x86.Build.0 = Debug|Win32
		{0050352F-0D28-4F8B-9BFA-7D9DA80601C8}.Release|x64.ActiveCfg = Release|x64
		{0050352F-0D28-4F8B-9BFA-7D9DA80601C8}.Release|x64.Build.0 = Release|x64
		{0050352F-0D28-4F8B-9BFA-7D9DA80601C8}.Release|x86.ActiveCfg = Release|Win32
		{0050352F-0D28-4F8B-9BFA-7D9DA80601C8}.Release|x86.Build.0 = Release|Win32
		{38E3E983-1A78-4EE6-A2D6-07501D445647}.Debug|x64.ActiveCfg = Debug|x64
		{38E3E983-1A78-4EE6-A2D6-07501D445647}.Debug|x64.Build.0 = Debug|x64
		{38E3E983-1A78-4EE6-A2D6-07501D445647}.Debug|x86.ActiveCfg = Debug|Win32
		{38E3E983-1A78-4EE6-A2D6-07501D445647}.Debug|x86.Build.0 = Debug|Win32
		{38E3E983-1A78-4EE6-A2D6-07501D445647}.Release|x64.ActiveCfg = Release|x64
		{38E3E983-1A78-4EE6-A2D6-07501D445647}.Release|x64.Build.0 = Release|x64
		{38E3E983-1A78-4EE6-A2D6-07501D445647}.Release|x86.ActiveCfg = Release|Win32
		{38E3E983-1A78-4EE6-A2D6-07501D445647}.Release|x86.Build.0 = Release|Win32
		{7442109C-A829-4FB2-B78A-571339E9AC75}.Debug|x64.ActiveCfg = Debug|x64
		{7442109C-A829-4FB2-B78A-571339E9AC75}.Debug|x64.Build.0 = Debug|x64
		{7442109C-A829-4FB2-B78A-571339E9AC75}.Debug|x86.ActiveCfg = Debug|Win32
		{7442109C-A829-4FB2-B78A-571339E9AC75}.Debug|x86.Build.0 = Debug|Win32
		{7442109C-A829-4FB2-B78A-571339E9AC75}.Release|x64.ActiveCfg = Release|x64
		{7442109C-A829-4FB2-B78A-571339E9AC75}.Release|x64.Build.0 = Release|x64
		{7442109C-A829-4FB2-B78A-571339E9AC75}.Release|x86.ActiveCfg = Release|Win32
		{7442109C-A829-4FB2-B78A-571339E9AC75}.Release|x86.Build.0 = Release|Win32
		{EB3E63C3-9505-4945-A71A-FCB5E3E4D4FE}.Debug|x64.ActiveCfg = Debug|x64
		{EB3E63C3-9505-4945-A71A-FCB5E3E4D4FE}.Debug|x64.Build.0 = Debug|x64
		{EB3E63C3-9505-4945-A71A-FCB5E3E4D4FE}.Debug|x86.ActiveCfg = Debug|Win32
		{EB3E63C3-9505-4945-A71A-FCB5E3E4D4FE}.Debug|x86.Build.0 = Debug|Win32
		{EB3E63C3-9505-4945-A71A-FCB5E3E4D4FE}.Release|x64.ActiveCfg = Release|x64
		{EB3E63C3-9505-4945-A71A-FCB5E3E4D4FE}.Release|x64.Build.0 = Release|x64
		{EB3E63C3-9505-4945-A71A-FCB5E3E4D4FE}.Release|x86.ActiveCfg = Release|Win32
		{EB3E63C3-9505-4945-A71A-FCB5E3E4D4FE}.Release|x86.Build.0 = Release|Win32
		{997E3929-313B-4E50-894B-8F1560619B40}.Debug|x64.ActiveCfg = Debug|x64
		{997E3929-313B-4E50-894B-8F1560619B40}.Debug|x64.Build.0 = Debug|x64
		{997E3929-313B-4E50-894B-8F1560619B40}.Debug|x86.ActiveCfg = Debug|Win32
		{997E3929-313B-4E50-894B-8F1560619B40}.Debug|x86.Build.0 = Debug|Win32
		{997E3929-313B-4E50-894B-8F1560619B40}.Release|x64.ActiveCfg = Release|x64
		{997E3929-313B-4E50-894B-8F1560619B40}.Release|x64.Build.0 = Release|x64
		{997E3929-313B-4E50-894B-8F1560619B40}.Release|x86.ActiveCfg = Release|Win32
		{997E3929-313B-4E50-894B-8F1560619B40}.Release|x86.Build.0 = Release|Win32
		{37BE52F7-0616-463F-A589-09E5689D13BE}.Debug|x64.ActiveCfg = Debug|x64
		{37BE52F7-0616-463F-A589-09E5689D13BE}.Debug|x64.Build.0 = Debug|x64
		{37BE52F7-0616-463F-A589-09E5689D13BE}.Debug|x86.ActiveCfg = Debug|Win32
		{37BE52F7-0616-463F-A589-09E5689D13BE}.Debug|x86.Build.0 = Debug|Win32
		{37BE52F7-0616-463F-A589-09E5689D13BE}.Release|x64.ActiveCfg = Release|x64
		{37BE52F7-0616-463F-A589-09E5689D13BE}.Release|x64.Build.0 = Release|x64
		{37BE52F7-0616-463F-A589-09E5689D13BE}.Release|x86.ActiveCfg = Release|Win32
		{37BE52F7-0616-463F-A589-09E5689D13BE}.Release|x86.Build.0 = Release|Win32
		{0D0EFC22-3ABB-4F6B-9D8A-10D94ABF6299}.Debug|x64.ActiveCfg = Debug|x64
		{0D0EFC22-3ABB-4F6B-9D8A-10D94ABF6299}.Debug|x64.Build.0 = Debug|x64
		{0D0EFC22-3ABB-4F6B-9D8A-10D94ABF6299}.Debug|x86.ActiveCfg = Debug|Win32
		{0D0EFC22-3ABB-4F6B-9D8A-10D94ABF6299}.Debug|x86.Build.0 = Debug|Win32
		{0D0EFC22-3ABB-4F6B-9D8A-10D94ABF6299}.Release|x64.ActiveCfg = Release|x64
		{0D0EFC22-3ABB-4F6B-9D8A-10D94ABF6299}.Release|x64.Build.0 = Release|x64
		{0D0EFC22-3ABB-4F6B-9D8A-10D94ABF6299}.Release|x86.ActiveCfg = Release|Win32
		{0D0EFC22-3ABB-4F6B-9D8A-10D94ABF6299}.Release|x86.Build.0 = Release|Win32
		{35D7254C-4E51-4FBF-81A5-E58912C007E2}.Debug|x64.ActiveCfg = Debug|x64
		{35D7254C-4E51-4FBF-81A5-E58912C007E2}.Debug|x64.Build.0 = Debug|x64
		{35D7254C-4E51-4FBF-81A5-E58912C007E2}.Debug|x86.ActiveCfg = Debug|Win32
		{35D7254C-4E51-4FBF-81A5-E58912C007E2}.Debug|x86.Build.0 = Debug|Win32
		{35D7254C-4E51-4FBF-81A5-E58912C007E2}.Release|x64.ActiveCfg = Release|x64
		{35D7254C-4E51-4FBF-81A5-E58912C007E2}.Release|x64.Build.0 = Release|x64
		{35D7254C-4E51-4FBF-81A5-E58912C007E2}.Release|x86.ActiveCfg = Release|Win32
		{35D7254C-4E51-4FBF-81A5-E58912C007E2}.Release|x86.Build.0 = Release|Win32
		{0A1F3FF2-8D7E-439D-B879-7B5F4DEFCAA6}.Debug|x64.ActiveCfg = Debug|x64
		{0A1F3FF2-8D7E-439D-B879-7B5F4DEFCAA6}.Debug|x64.Build.0 = Debug|x64
		{0A1F3FF2-8D7E-439D-B879-7B5F4DEFCAA6}.Debug|x86.ActiveCfg = Debug|Win32
		{0A1F3FF2-8D7E-439D-B879-7B5F4DEFCAA6}.Debug|x86.Build.0 = Debug|Win32
		{0A1F3FF2-8D7E-439D-B879-7B5F4DEFCAA6}.Release|x64.ActiveCfg = Release|x64
		{0A1F3FF2-8D7E-439D-B879-7B5F4DEFCAA6}.Release|x64.Build.0 = Release|x64
		{0A1F3FF2-8D7E-439D-B879-7B5F4DEFCAA6}.Release|x86.ActiveCfg = Release|Win32
		{0A1F3FF2-8D7E-439D-B879-7B5F4DEFCAA6}.Release|x86.Build.0 = Release|Win32
		{A89D6A45-B4BD-49AA-96FA-9172294E2361}.Debug|x64.ActiveCfg = Debug|x64
		{A89D6A45-B4BD-49AA-96FA-9172294E2361}.Debug|x64.Build.0 = Debug|x64
		{A89D6A45-B4BD-49AA-96FA-9172294E2361}.Debug|x86.ActiveCfg = Debug|Win32
		{A89D6A45-B4BD-49AA-96FA-9172294E2361}.Debug|x86.Build.0 = Debug|Win32
		{A89D6A45-B4BD-49AA-96FA-9172294E2361}.Release|x64.ActiveCfg = Release|x64
		{A89D6A45-B4BD-49AA-96FA-9172294E2361}.Release|x64.Build.0 = Release|x64
		{A89D6A45-B4BD-49AA-96FA-9172294E2361}.Release|x86.ActiveCfg = Release|Win32
		{A89D6A45-B4BD-49AA-96FA-9172294E2361}.Release|x86.Build.0 = Release|Win32
		{5727A92A-402B-4C7A-A37A-AEC8356874A6}.Debug|x64.ActiveCfg = Debug|x64
		{5727A92A-402B-4C7A-A37A-AEC8356874A6}.Debug|x64.Build.0 = Debug|x64
		{5727A92A-402B-4C7A-A37A-AEC8356874A6}.Debug|x86.ActiveCfg = Debug|Win32
		{5727A92A-402B-4C7A-A37A-AEC8356874A6}.Debug|x86.Build.0 = Debug|Win32
		{5727A92A-402B-4C7A-A37A-AEC8356874A6}.Release|x64.ActiveCfg = Release|x64
		{5727A92A-402B-4C7A-A37A-AEC8356874A6}.Release|x64.Build.0 = Release|x64
		{5727A92A-402B-4C7A-A37A-AEC8356874A6}.Release|x86.ActiveCfg = Release|Win32
		{5727A92A-402B-4C7A-A37A-AEC8356874A6}.Release|x86.Build.0 = Release|Win32
		{17A305C3-978F-4358-8128-E5E9D35FA619}.Debug|x64.ActiveCfg = Debug|x64
		{17A305C3-978F-4358-8128-E5E9D35FA619}.Debug|x64.Build.0 = Debug|x64
		{17A305C3-978F-4358-8128-E5E9D35FA619}.Debug|x86.ActiveCfg = Debug|Win32
		{17A305C3-978F-4358-8128-E5E9D35FA619}.Debug|x86.Build.0 = Debug|Win32
		{17A305C3-978F-4358-8128-E5E9D35FA619}.Release|x64.ActiveCfg = Release|x64
		{17A305C3-978F-4358-8128-E5E9D35FA619}.Release|x64.Build.0 = Release|x64
		{17A305C3-978F-4358-8128-E5E9D35FA619}.Release|x86.ActiveCfg = Release|Win32
		{17A305C3-978F-4358-8128-E5E9D35FA619}.Release|x86.Build.0 = Release|Win32
		{2D7AD3A9-B7C5-4715-8E3A-5587EF1DC42E}.Debug|x64.ActiveCfg = Debug|x64
		{2D7AD3A9-B7C5-4715-8E3A-5587EF1DC42E}.Debug|x64.Build.0 = Debug|x64
		{2D7AD3A9-B7C5-4715-8E3A-5587EF1DC42E}.Debug|x86.ActiveCfg = Debug|Win32
		{2D7AD3A9-B7C5-4715-8E3A-5587EF1DC42E}.Debug|x86.Build.0 = Debug|Win32
		{2D7AD3A9-B7C5-4715-8E3A-5587EF1DC42E}.Release|x64.ActiveCfg = Release|x64
		{2D7AD3A9-B7C5-4715-8E3A-5587EF1DC42E}.Release|x64.Build.0 = Release|x64
		{2D7AD3A9-B7C5-4715-8E3A-5587EF1DC42E}.Release|x86.ActiveCfg = Release|Win32
		{2D7AD3A9-B7C5-4715-8E3A-5587EF1DC42E}.Release|x86.Build.0 = Release|Win32
		{FD6312DB-FDAE-4484-BE5A-06DC6A8C530F}.Debug|x64.ActiveCfg = Debug|x64
		{FD6312DB-FDAE-4484-BE5A-06DC6A8C530F}.Debug|x64.Build.0 = Debug|x64
		{FD6312DB-FDAE-4484-BE5A-06DC6A8C530F}.Debug|x86.ActiveCfg = Debug|Win32
		{FD6312DB-FDAE-4484-BE5A-06DC6A8C530F}.Debug|x86.Build.0 = Debug|Win32
		{FD6312DB-FDAE-4484-BE5A-06DC6A8C530F}.Release|x64.ActiveCfg = Release|x64
		{FD6312DB-FDAE-4484-BE5A-06DC6A8C530F}.Release|x64.Build.0 = Release|x64
		{FD6312DB-FDAE-4484-BE5A-06DC6A8C530F}.Release|x86.ActiveCfg = Release|Win32
		{FD6312DB-FDAE-4484-BE5A-06DC6A8C530F}.Release|x86.Build.0 = Release|Win32
		{91CF2C07-12B9-4587-9F01-1F4D99363A1F}.Debug|x64.ActiveCfg = Debug|x64
		{91CF2C07-12B9-4587-9F01-1F4D99363A1F}.Debug|x64.Build.0 = Debug|x64
		{91CF2C07-12B9-4587-9F01-1F4D99363A1F}.Debug|x86.ActiveCfg = Debug|Win32
		{91CF2C07-12B9-4587-9F01-1F4D99363A1F}.Debug|x86.Build.0 = Debug|Win32
		{91CF2C07-12B9-4587-9F01-1F4D99363A1F}.Release|x64.ActiveCfg = Release|x64
		{91CF2C07-12B9-4587-9F01-1F4D99363A1F}.Release|x64.Build.0 = Release|x64
		{91CF2C07-12B9-4587-9F01-1F4D99363A1F}.Release|x86.ActiveCfg = Release|Win32
		{91CF2C07-12B9-4587-9F01-1F4D99363A1F}.Release|x86.Build.0 = Release|Win32
		{C59715CE-EA0C-49F7-9E78-A5DABE4AD462}.Debug|x64.ActiveCfg = Debug|x64
		{C59715CE-EA0C-49F7-9E78-A5DABE4AD462}.Debug|x64.Build.0 = Debug|x64
		{C59715CE-EA0C-49F7-9E78-A5DABE4AD462}.Debug|x86.ActiveCfg = Debug|Win32
		{C59715CE-EA0C-49F7-9E78-A5DABE4AD462}.Debug|x86.Build.0 = Debug|Win32
		{C59715CE-EA0C-49F7-9E78-A5DABE4AD462}.Release|x64.ActiveCfg = Release|x64
		{C59715CE-EA0C-49F7-9E78-A5DABE4AD462}.Release|x64.Build.0 = Release|x64
		{C59715CE-EA0C-49F7-9E78-A5DABE4AD462}.Release|x86.ActiveCfg = Release|Win32
		{C59715CE-EA0C-49F7-9E78-A5DABE4AD462}.Release|x86.Build.0 = Release|Win32
		{886A20A3-D8E8-40F1-8CE8-4DB5B423F500}.Debug|x64.ActiveCfg = Debug|x64
		{886A20A3-D8E8-40F1-8CE8-4DB5B423F500}.Debug|x64.Build.0 = Debug|x64
		{886A20A3-D8E8-40F1-8CE8-4DB5B423F500}.Debug|x86.ActiveCfg = Debug|Win32
		{886A20A3-D8E8-40F1-8CE8-4DB5B423F500}.Debug|x86.Build.0 = Debug|Win32
		{886A20A3-D8E8-40F1-8CE8-4DB5B423F500}.Release|x64.ActiveCfg = Release|x64
		{886A20A3-D8E8-40F1-8CE8-4DB5B423F500}.Release|x64.Build.0 = Release|x64
		{886A20A3-D8E8-40F1-8CE8-4DB5B423F500}.Release|x86.ActiveCfg = Release|Win32
		{886A20A3-D8E8-40F1-8CE8-4DB5B423F500}.Release|x86.Build.0 = Release|Win32
		{D71532C9-814E-49AD-81AB-00C0E3B63E49}.Debug|x64.ActiveCfg = Debug|x64
		{D71532C9-814E-49AD-81AB-00C0E3B63E49}.Debug|x64.Build.0 = Debug|x64
		{D71532C9-814E-49AD-81AB-00C0E3B63E49}.Debug|x86.ActiveCfg = Debug|Win32
		{D71532C9-814E-49AD-81AB-00C0E3B63E49}.Debug|x86.Build.0 = Debug|Win32
		{D71532C9-814E-49AD-81AB-00C0E3B63E49}.Release|x64.ActiveCfg = Release|x64
		{D71532C9-814E-49AD-81AB-00C0E3B63E49}.Release|x64.Build.0 = Release|x64
		{D71532C9-814E-49AD-81AB-00C0E3B63E49}.Release|x86.ActiveCfg = Release|Win32
		{D71532C9-814E-49AD-81AB-00C0E3B63E49}.Release|x86.Build.0 = Release|Win32
		{A78C9B81-D984-4F8C-B6BE-715EE883AC35}.Debug|x64.ActiveCfg = Debug|x64
		{A78C9B81-D984-4F8C-B6BE-715EE883AC35}.Debug|x64.Build.0 = Debug|x64
		{A78C9B81-D984-4F8C-B6BE-715EE883AC35}.Debug|x86.ActiveCfg = Debug|Win32
		{A78C9B81-D984-4F8C-B6BE-715EE883AC35}.Debug|x86.Build.0 = Debug|Win32
		{A78C9B81-D984-4F8C-B6BE-715EE883AC35}.Release|x64.ActiveCfg = Release|x64
		{A78C9B81-D984-4F8C-B6BE-715EE883AC35}.Release|x64.Build.0 = Release|x64
		{A78C9B81-D984-4F8C-B6BE-715EE883AC35}.Release|x86.ActiveCfg = Release|Win32
		{A78C9B81-D984-4F8C-B6BE-715EE883AC35}.Release|x86.Build.0 = Release|Win32
		{1E20DF08-F22E-4642-9639-1CACC85A68DF}.Debug|x64.ActiveCfg = Debug|x64
		{1E20DF08-F22E-4642-9639-1CACC85A68DF}.Debug|x64.Build.0 = Debug|x64
		{1E20DF08-F22E-4642-9639-1CACC85A68DF}.Debug|x86.ActiveCfg = Debug|Win32
		{1E20DF08-F22E-4642-9639-1CACC85A68DF}.Debug|x86.Build.0 = Debug|Win32
		{1E20DF08-F22E-4642-9639-1CACC85A68DF}.Release|x64.ActiveCfg = Release|x64
		{1E20DF08-F22E-4642-9639-1CACC85A68DF}.Release|x64.Build.0 = Release|x64
		{1E20DF08-F22E-4642-9639-1CACC85A68DF}.Release|x86.ActiveCfg = Release|Win32
		{1E20DF08-F22E-4642-9639-1CACC85A68DF}.Release|x86.Build.0 = Release|Win32
		{F92AF9D8-AFD7-48A6-9FFF-B846FF64CB74}.Debug|x64.ActiveCfg = Debug|x64
		{F92AF9D8-AFD7-48A6-9FFF-B846FF64CB74}.Debug|x64.Build.0 = Debug|x64
		{F92AF9D8-AFD7-48A6-9FFF-B846FF64CB74}.Debug|x86.ActiveCfg = Debug|Win32
		{F92AF9D8-AFD7-48A6-9FFF-B846FF64CB74}.Debug|x86.Build.0 = Debug|Win32
		{F92AF9D8-AFD7-48A6-9FFF-B846FF64CB74}.Release|x64.ActiveCfg = Release|x64
		{F92AF9D8-AFD7-48A6-9FFF-B846FF64CB74}.Release|x64.Build.0 = Release|x64
		{F92AF9D8-AFD7-48A6-9FFF-B846FF64CB74}.Release|x86.ActiveCfg = Release|Win32
		{F92AF9D8-AFD7-48A6-9FFF-B846FF64CB74}.Release|x86.Build.0 = Release|Win32
		{463D82E1-0C4A-4727-8950-F3D1BD48DB15}.Debug|x64.ActiveCfg = Debug|x64
		{463D82E1-0C4A-4727-8950-F3D1BD48DB15}.Debug|x64.Build.0 = Debug|x64
		{463D82E1-0C4A-4727-8950-F3D1BD48DB15}.Debug|x86.ActiveCfg = Debug|Win32
		{463D82E1-0C4A-4727-8950-F3D1BD48DB15}.Debug|x86.Build.0 = Debug|Win32
		{463D82E1-0C4A-4727-8950-F3D1BD48DB15}.Release|x64.ActiveCfg = Release|x64
		{463D82E1-0C4A-4727-8950-F3D1BD48DB15}.Release|x64.Build.0 = Release|x64
		{463D82E1-0C4A-4727-8950-F3D1BD48DB15}.Release|x86.ActiveCfg = Release|Win32
		{463D82E1-0C4A-4727-8950-F3D1BD48DB15}.Release|x86.Build.0 = Release|Win32
		{66DA06EA-411E-46DF-A678-F4DCD12B7598}.Debug|x64.ActiveCfg = Debug|x64
		{66DA06EA-411E-46DF-A678-F4DCD12B7598}.Debug|x64.Build.0 = Debug|x64
		{66DA06EA-411E-46DF-A678-F4DCD12B7598}.Debug|x86.ActiveCfg = Debug|Win32
		{66DA06EA-411E-46DF-A678-F4DCD12B7598}.Debug|x86.Build.0 = Debug|Win32
		{66DA06EA-411E-46DF-A678-F4DCD12B7598}.Release|x64.ActiveCfg = Release|x64
		{66DA06EA-411E-46DF-A678-F4DCD12B7598}.Release|x64.Build.0 = Release|x64
		{66DA06EA-411E-46DF-A678-F4DCD12B7598}.Release|x86.ActiveCfg = Release|Win32
		{66DA06EA-411E-46DF-A678-F4DCD12B7598}.Release|x86.Build.0 = Release|Win32
		{1CE3A349-BD0F-48C0-89E7-8763BE1ED26F}.Debug|x64.ActiveCfg = Debug|x64
		{1CE3A349-BD0F-48C0-89E7-8763BE1ED26F}.Debug|x64.Build.0 = Debug|x64
		{1CE3A349-BD0F-48C0-89E7-8763BE1ED26F}.Debug|x86.ActiveCfg = Debug|Win32
		{1CE3A349-BD0F-48C0-89E7-8763BE1ED26F}.Debug|x86.Build.0 = Debug|Win32
		{1CE3A349-BD0F-48C0-89E7-8763BE1ED26F}.Release|x64.ActiveCfg = Release|x64
		{1CE3A349-BD0F-48C0-89E7-8763BE1ED26F}.Release|x64.Build.0 = Release|x64
		{1CE3A349-BD0F-48C0-89E7-8763BE1ED26F}.Release|x86.ActiveCfg = Release|Win32
		{1CE3A349-BD0F-48C0-89E7-8763BE1ED26F}.Release|x86.Build.0 = Release|Win32
		{57A7B60B-009D-450E-8B2E-8D44617B0C89}.Debug|x64.ActiveCfg = Debug|x64
		{57A7B60B-009D-450E-8B2E-8D44617B0C89}.Debug|x64.Build.0 = Debug|x64
		{57A7B60B-009D-450E-8B2E-8D44617B0C89}.Debug|x86.ActiveCfg = Debug|Win32
		{57A7B60B-009D-450E-8B2E-8D44617B0C89}.Debug|x86.Build.0 = Debug|Win32
		{57A7B60B-009D-450E-8B2E-8D44617B0C89}.Release|x64.ActiveCfg = Release|x64
		{57A7B60B-009D-450E-8B2E-8D44617B0C89}.Release|x64.Build.0 = Release|x64
		{57A7B60B-009D-450E-8B2E-8D44617B0C89}.Release|x86.ActiveCfg = Release|Win32
		{57A7B60B-009D-450E-8B2E-8D44617B0C89}.Release|x86.Build.0 = Release|Win32
		{DC171340-060A-4857-88AD-2E32901F4D4D}.Debug|x64.ActiveCfg = Debug|x64
		{DC171340-060A-4857-88AD-2E32901F4D4D}.Debug|x64.Build.0 = Debug|x64
		{DC171340-060A-4857-88AD-2E32901F4D4D}.Debug|x86.ActiveCfg = Debug|Win32
		{DC171340-060A-4857-88AD-2E32901F4D4D}.Debug|x86.Build.0 = Debug|Win32
		{DC171340-060A-4857-88AD-2E32901F4D4D}.Release|x64.ActiveCfg = Release|x64
		{DC171340-060A-4857-88AD-2E32901F4D4D}.Release|x64.Build.0 = Release|x64
		{DC171340-060A-4857-88AD-2E32901F4D4D}.Release|x86.ActiveCfg = Release|Win32
		{DC171340-060A-4857-88AD-2E32901F4D4D}.Release|x86.Build.0 = Release|Win32
		{E2201F4A-FA60-4502-9B06-C79A8750B9E7}.Debug|x64.ActiveCfg = Debug|x64
		{E2201F4A-FA60-4502-9B06-C79A8750B9E7}.Debug|x64.Build.0 = Debug|x64
		{E2201F4A-FA60-4502-9B06-C79A8750B9E7}.Debug|x86.ActiveCfg = Debug|Win32
		{E2201F4A-FA60-4502-9B06-C79A8750B9E7}.Debug|x86.Build.0 = Debug|Win32
		{E2201F4A-FA60-4502-9B06-C79A8750B9E7}.Release|x64.ActiveCfg = Release|x64
		{E2201F4A-FA60-4502-9B06-C79A8750B9E7}.Release|x64.Build.0 = Release|x64
		{E2201F4A-FA60-4502-9B06-C79A8750B9E7}.Release|x86.ActiveCfg = Release|Win32
		{E2201F4A-FA60-4502-9B06-C79A8750B9E7}.Release|x86.Build.0 = Release|Win32
		{29B2A2E8-06D4-44AB-ACA9-47B142F40D8E}.Debug|x64.ActiveCfg = Debug|x64
		{29B2A2E8-06D4-44AB-ACA9-47B142F40D8E}.Debug|x64.Build.0 = Debug|x64
		{29B2A2E8-06D4-44AB-ACA9-47B142F40D8E}.Debug|x86.ActiveCfg = Debug|Win32
		{29B2A2E8-06D4-44AB-ACA9-47B142F40D8E}.Debug|x86.Build.0 = Debug|Win32
		{29B2A2E8-06D4-44AB-ACA9-47B142F40D8E}.Release|x64.ActiveCfg = Release|x64
		{29B2A2E8-06D4-44AB-ACA9-47B142F40D8E}.Release|x64.Build.0 = Release|x64
		{29B2A2E8-06D4-44AB-ACA9-47B142F40D8E}.Release|x86.ActiveCfg = Release|Win32
		{29B2A2E8-06D4-44AB-ACA9-47B142F40D8E}.Release|x86.Build.0 = Release|Win32
		{CBCF1AFF-E99D-434A-A800-8DB0BAF9F75C}.Debug|x64.ActiveCfg = Debug|x64
		{CBCF1AFF-E99D-434A-A800-8DB0BAF9F75C}.Debug|x64.Build.0 = Debug|x64
		{CBCF1AFF-E99D-434A-A800-8DB0BAF9F75C}.Debug|x86.ActiveCfg = Debug|Win32
		{CBCF1AFF-E99D-434A-A800-8DB0BAF9F75C}.Debug|x86.Build.0 = Debug|Win32
		{CBCF1AFF-E99D-434A-A800-8DB0BAF9F75C}.Release|x64.ActiveCfg = Release|x64
		{CBCF1AFF-E99D-434A-A800-8DB0BAF9F75C}.Release|x64.Build.0 = Release|x64
		{CBCF1AFF-E99D-434A-A800-8DB0BAF9F75C}.Release|x86.ActiveCfg = Release|Win32
		{CBCF1AFF-E99D-434A-A800-8DB0BAF9F75C}.Release|x86.Build.0 = Release|Win32
		{22D78C1F-CA3E-41DB-8D6C-5F3E55B0F3AC}.Debug|x64.ActiveCfg = Debug|x64
		{22D78C1F-CA3E-41DB-8D6C-5F3E55B0F3AC}.Debug|x64.Build.0 = Debug|x64
		{22D78C1F-CA3E-41DB-8D6C-5F3E55B0F3AC}.Debug|x86.ActiveCfg = Debug|Win32
		{22D78C1F-CA3E-41DB-8D6C-5F3E55B0F3AC}.Debug|x86.Build.0 = Debug|Win32
		{22D78C1F-CA3E-41DB-8D6C-5F3E55B0F3AC}.Release|x64.ActiveCfg = Release|x64
		{22D78C1F-CA3E-41DB-8D6C-5F3E55B0F3AC}.Release|x64.Build.0 = Release|x64
		{22D78C1F-CA3E-41DB-8D6C-5F3E55B0F3AC}.Release|x86.ActiveCfg = Release|Win32
		{22D78C1F-CA3E-41DB-8D6C-5F3E55B0F3AC}.Release|x86.Build.0 = Release|Win32
		{9B454F6D-CD1F-470C-BF2B-A67DBBD97D39}.Debug|x64.ActiveCfg = Debug|x64
		{9B454F6D-CD1F-470C-BF2B-A67DBBD97D39}.Debug|x64.Build.0 = Debug|x64
		{9B454F6D-CD1F-470C-BF2B-A67DBBD97D39}.Debug|x86.ActiveCfg = Debug|Win32
		{9B454F6D-CD1F-470C-BF2B-A67DBBD97D39}.Debug|x86.Build.0 = Debug|Win32
		{9B454F6D-CD1F-470C-BF2B-A67DBBD97D39}.Release|x64.ActiveCfg = Release|x64
		{9B454F6D-CD1F-470C-BF2B-A67DBBD97D39}.Release|x64.Build.0 = Release|x64
		{9B454F6D-CD1F-470C-BF2B-A67DBBD97D39}.Release|x86.ActiveCfg = Release|Win32
		{9B454F6D-CD1F-470C-BF2B-A67DBBD97D39}.Release|x86.Build.0 = Release|Win32
		{125BF644-A42C-4CEB-BA51-4A9FB4C9ABD2}.Debug|x64.ActiveCfg = Debug|x64
		{125BF644-A42C-4CEB-BA51-4A9FB4C9ABD2}.Debug|x64.Build.0 = Debug|x64
		{125BF644-A42C-4CEB-BA51-4A9FB4C9ABD2}.Debug|x86.ActiveCfg = Debug|Win32
		{125BF644-A42C-4CEB-BA51-4A9FB4C9ABD2}.Debug|x86.Build.0 = Debug|Win32
		{125BF644-A42C-4CEB-BA51-4A9FB4C9ABD2}.Release|x64.ActiveCfg = Release|x64
		{125BF644-A42C-4CEB-BA51-4A9FB4C9ABD2}.Release|x64.Build.0 = Release|x64
		{125BF644-A42C-4CEB-BA51-4A9FB4C9ABD2}.Release|x86.ActiveCfg = Release|Win32
		{125BF644-A42C-4CEB-BA51-4A9FB4C9ABD2}.Release|x86.Build.0 = Release|Win32
		{84A0A8AD-EE42-4D3F-A33D-820FBAE0CE56}.Debug|x64.ActiveCfg = Debug|x64
		{84A0A8AD-EE42-4D3F-A33D-820FBAE0CE56}.Debug|x64.Build.0 = Debug|x64
		{84A0A8AD-EE42-4D3F-A33D-820FBAE0CE56}.Debug|x86.ActiveCfg = Debug|Win32
		{84A0A8AD-EE42-4D3F-A33D-820FBAE0CE56}.Debug|x86.Build.0 = Debug|Win32
		{84A0A8AD-EE42-4D3F-A33D-820FBAE0CE56}.Release|x64.ActiveCfg = Release|x64
		{84A0A8AD-EE42-4D3F-A33D-820FBAE0CE56}.Release|x64.Build.0 = Release|x64
		{84A0A8AD-EE42-4D3F-A33D-820FBAE0CE56}.Release|x86.ActiveCfg = Release|Win32
		{84A0A8AD-EE42-4D3F-A33D-820FBAE0CE56}.Release|x86.Build.0 = Release|Win32
		{EF966737-B428-4AEF-A460-9438A93B05D5}.Debug|x64.ActiveCfg = Debug|x64
		{EF966737-B428-4AEF-A460-9438A93B05D5}.Debug|x64.Build.0 = Debug|x64
		{EF966737-B428-4AEF-A460-9438A93B05D5}.Debug|x86.ActiveCfg = Debug|Win32
		{EF966737-B428-4AEF-A460-9438A93B05D5}.Debug|x86.Build.0 = Debug|Win32
		{EF966737-B428-4AEF-A460-9438A93B05D5}.Release|x64.ActiveCfg = Release|x64
		{EF966737-B428-4AEF-A460-9438A93B05D5}.Release|x64.Build.0 = Release|x64
		{EF966737-B428-4AEF-A460-9438A93B05D5}.Release|x86.ActiveCfg = Release|Win32
		{EF966737-B428-4AEF-A460-9438A93B05D5}.Release|x86.Build.0 = Release|Win32
		{77D2D5FD-C950-4FA5-8C79-DDD529BB0C3D}.Debug|x64.ActiveCfg = Debug|x64
		{77D2D5FD-C950-4FA5-8C79-DDD529BB0C3D}.Debug|x64.Build.0 = Debug|x64
		{77D2D5FD-C950-4FA5-8C79-DDD529BB0C3D}.Debug|x86.ActiveCfg = Debug|Win32
		{77D2D5FD-C950-4FA5-8C79-DDD529BB0C3D}.Debug|x86.Build.0 = Debug|Win32
		{77D2D5FD-C950-4FA5-8C79-DDD529BB0C3D}.Release|x64.ActiveCfg = Release|x64
		{77D2D5FD-C950-4FA5-8C79-DDD529BB0C3D}.Release|x64.Build.0 = Release|x64
		{77D2D5FD-C950-4FA5-8C79-DDD529BB0C3D}.Release|x86.ActiveCfg = Release|Win32
		{77D2D5FD-C950-4FA5-8C79-DDD529BB0C3D}.Release|x86.Build.0 = Release|Win32
		{441484B1-78B0-4A16-B7F1-966174E94183}.Debug|x64.ActiveCfg = Debug|x64
		{441484B1-78B0-4A16-B7F1-966174E94183}.Debug|x64.Build.0 = Debug|x64
		{441484B1-78B0-4A16-B7F1-966174E94183}.Debug|x86.ActiveCfg = Debug|Win32
		{441484B1-78B0-4A16-B7F1-966174E94183}.Debug|x86.Build.0 = Debug|Win32
		{441484B1-78B0-4A16-B7F1-966174E94183}.Release|x64.ActiveCfg = Release|x64
		{441484B1-78B0-4A16-B7F1-966174E94183}.Release|x64.Build.0 = Release|x64
		{441484B1-78B0-4A16-B7F1-966174E94183}.Release|x86.ActiveCfg = Release|Win32
		{441484B1-78B0-4A16-B7F1-966174E94183}.Release|x86.Build.0 = Release|Win32
		{16FA36F0-C32A-4932-AC7B-45804F4B5B4D}.Debug|x64.ActiveCfg = Debug|x64
		{16FA36F0-C32A-4932-AC7B-45804F4B5B4D}.Debug|x64.Build.0 = Debug|x64
		{16FA36F0-C32A-4932-AC7B-45804F4B5B4D}.Debug|x86.ActiveCfg = Debug|Win32
		{16FA36F0-C32A-4932-AC7B-45804F4B5B4D}.Debug|x86.Build.0 = Debug|Win32
		{16FA36F0-C32A-4932-AC7B-45804F4B5B4D}.Release|x64.ActiveCfg = Release|x64
		{16FA36F0-C32A-4932-AC7B-45804F4B5B4D}.Release|x64.Build.0 = Release|x64
		{16FA36F0-C32A-4932-AC7B-45804F4B5B4D}.Release|x86.ActiveCfg = Release|Win32
		{16FA36F0-C32A-4932-AC7B-45804F4B5B4D}.Release|x86.Build.0 = Release|Win32
		{542A570A-76D3-4FF2-A3A8-D7EEC90E2C22}.Debug|x64.ActiveCfg = Debug|x64
		{542A570A-76D3-4FF2-A3A8-D7EEC90E2C22}.Debug|x64.Build.0 = Debug|x64
		{542A570A-76D3-4FF2-A3A8-D7EEC90E2C22}.Debug|x86.ActiveCfg = Debug|Win32
		{542A570A-76D3-4FF2-A3A8-D7EEC90E2C22}.Debug|x86.Build.0 = Debug|Win32
		{542A570A-76D3-4FF2-A3A8-D7EEC90E2C22}.Release|x64.ActiveCfg = Release|x64
		{542A570A-76D3-4FF2-A3A8-D7EEC90E2C22}.Release|x64.Build.0 = Release|x64
		{542A570A-76D3-4FF2-A3A8-D7EEC90E2C22}.Release|x86.ActiveCfg = Release|Win32
		{542A570A-76D3-4FF2-A3A8-D7EEC90E2C22}.Release|x86.Build.0 = Release|Win32
		{52D924B4-2326-475C-A995-FA3716935E7C}.Debug|x64.ActiveCfg = Debug|x64
		{52D924B4-2326-475C-A995-FA3716935E7C}.Debug|x64.Build.0 = Debug|x64
		{52D924B4-2326-475C-A995-FA3716935E7C}.Debug|x86.ActiveCfg = Debug|Win32
		{52D924B4-2326-475C-A995-FA3716935E7C}.Debug|x86.Build.0 = Debug|Win32
		{52D924B4-2326-475C-A995-FA3716935E7C}.Release|x64.ActiveCfg = Release|x64
		{52D924B4-2326-475C-A995-FA3716935E7C}.Release|x64.Build.0 = Release|x64
		{52D924B4-2326-475C-A995-FA3716935E7C}.Release|x86.ActiveCfg = Release|Win32
		{52D924B4-2326-475C-A995-FA3716935E7C}.Release|x86.Build.0 = Release|Win32
		{D1B905C1-4DE1-487C-981A-E644028A40CD}.Debug|x64.ActiveCfg = Debug|x64
		{D1B905C1-4DE1-487C-981A-E644028A40CD}.Debug|x64.Build.0 = Debug|x64
		{D1B905C1-4DE1-487C-981A-E644028A40CD}.Debug|x86.ActiveCfg = Debug|Win32
		{D1B905C1-4DE1-487C-981A-E644028A40CD}.Debug|x86.Build.0 = Debug|Win32
		{D1B905C1-4DE1-487C-981A-E644028A40CD}.Release|x64.ActiveCfg = Release|x64
		{D1B905C1-4DE1-487C-981A-E644028A40CD}.Release|x64.Build.0 = Release|x64
		{D1B905C1-4DE1-487C-981A-E644028A40CD}.Release|x86.ActiveCfg = Release|Win32
		{D1B905C1-4DE1-487C-981A-E644028A40CD}.Release|x86.Build.0 = Release|Win32
		{EFEAD8F2-9A32-45F0-B6A8-17EFF4EB4CBA}.Debug|x64.ActiveCfg = Debug|x64
		{EFEAD8F2-9A32-45F0-B6A8-17EFF4EB4CBA}.Debug|x64.Build.0 = Debug|x64
		{EFEAD8F2-9A32-45F0-B6A8-17EFF4EB4CBA}.Debug|x86.ActiveCfg = Debug|Win32
		{EFEAD8F2-9A32-45F0-B6A8-17EFF4EB4CBA}.Debug|x86.Build.0 = Debug|Win32
		{EFEAD8F2-9A32-45F0-B6A8-17EFF4EB4CBA}.Release|x64.ActiveCfg = Release|x64
		{EFEAD8F2-9A32-45F0-B6A8-17EFF4EB4CBA}.Release|x64.Build.0 = Release|x64
		{EFEAD8F2-9A32-45F0-B6A8-17EFF4EB4CBA}.Release|x86.ActiveCfg = Release|Win32
		{EFEAD8F2-9A32-45F0-B6A8-17EFF4EB4CBA}.Release|x86.Build.0 = Release|Win32
		{94B8C960-8DB4-4EA0-A96F-EF635A3B883F}.Debug|x64.ActiveCfg = Debug|x64
		{94B8C960-8DB4-4EA0-A96F-EF635A3B883F}.Debug|x64.Build.0 = Debug|x64
		{94B8C960-8DB4-4EA0-A96F-EF635A3B883F}.Debug|x86.ActiveCfg = Debug|Win32
		{94B8C960-8DB4-4EA0-A96F-EF635A3B883F}.Debug|x86.Build.0 = Debug|Win32
		{94B8C960-8DB4-4EA0-A96F-EF635A3B883F}.Release|x64.ActiveCfg = Release|x64
		{94B8C960-8DB4-4EA0-A96F-EF635A3B883F}.Release|x64.Build.0 = Release|x64
		{94B8C960-8DB4-4EA0-A96F-EF635A3B883F}.Release|x86.ActiveCfg = Release|Win32
		{94B8C960-8DB4-4EA0-A96F-EF635A3B883F}.Release|x86.Build.0 = Release|Win32
		{1AD09B63-A4FB-4FA9-A182-1CEC5A84D3B0}.Debug|x64.ActiveCfg = Debug|x64
		{1AD09B63-A4FB-4FA9-A182-1CEC5A84D3B0}.Debug|x64.Build.0 = Debug|x64
		{1AD09B63-A4FB-4FA9-A182-1CEC5A84D3B0}.Debug|x86.ActiveCfg = Debug|Win32
		{1AD09B63-A4FB-4FA9-A182-1CEC5A84D3B0}.Debug|x86.Build.0 = Debug|Win32
		{1AD09B63-A4FB-4FA9-A182-1CEC5A84D3B0}.Release|x64.ActiveCfg = Release|x64
		{1AD09B63-A4FB-4FA9-A182-1CEC5A84D3B0}.Release|x64.Build.0 = Release|x64
		{1AD09B63-A4FB-4FA9-A182-1CEC5A84D3B0}.Release|x86.ActiveCfg = Release|Win32
		{1AD09B63-A4FB-4FA9-A182-1CEC5A84D3B0}.Release|x86.Build.0 = Release|Win32
		{0101C6E2-2098-4AE2-99DA-5F4D04EE4FEF}.Debug|x64.ActiveCfg = Debug|x64
		{0101C6E2-2098-4AE2-99DA-5F4D04EE4FEF}.Debug|x64.Build.0 = Debug|x64
		{0101C6E2-2098-4AE2-99DA-5F4D04EE4FEF}.Debug|x86.ActiveCfg = Debug|Win32
		{0101C6E2-2098-4AE2-99DA-5F4D04EE4FEF}.Debug|x86.Build.0 = Debug|Win32
		{0101C6E2-2098-4AE2-99DA-5F4D04EE4FEF}.Release|x64.ActiveCfg = Release|x64
		{0101C6E2-2098-4AE2-99DA-5F4D04EE4FEF}.Release|x64.Build.0 = Release|x64
		{0101C6E2-2098-4AE2-99DA-5F4D04EE4FEF}.Release|x86.ActiveCfg = Release|Win32
		{0101C6E2-2098-4AE2-99DA-5F4D04EE4FEF}.Release|x86.Build.0 = Release|Win32
		{89F6AFEC-0A9A-434C-80BC-0516ED1E33AC}.Debug|x64.ActiveCfg = Debug|x64
		{89F6AFEC-0A9A-434C-80BC-0516ED1E33AC}.Debug|x64.Build.0 = Debug|x64
		{89F6AFEC-0A9A-434C-80BC-0516ED1E33AC}.Debug|x86.ActiveCfg = Debug|Win32
		{89F6AFEC-0A9A-434C-80BC-0516ED1E33AC}.Debug|x86.Build.0 = Debug|Win32
		{89F6AFEC-0A9A-434C-80BC-0516ED1E33AC}.Release|x64.ActiveCfg = Release|x64
		{89F6AFEC-0A9A-434C-80BC-0516ED1E33AC}.Release|x64.Build.0 = Release|x64
		{89F6AFEC-0A9A-434C-80BC-0516ED1E33AC}.Release|x86.ActiveCfg = Release|Win32
		{89F6AFEC-0A9A-434C-80BC-0516ED1E33AC}.Release|x86.Build.0 = Release|Win32
		{B908E4EC-7782-4DE9-A52F-EBE6382E5CC0}.Debug|x64.ActiveCfg = Debug|x64
		{B908E4EC-7782-4DE9-A52F-EBE6382E5CC0}.Debug|x64.Build.0 = Debug|x64
		{B908E4EC-7782-4DE9-A52F-EBE6382E5CC0}.Debug|x86.ActiveCfg = Debug|Win32
		{B908E4EC-7782-4DE9-A52F-EBE6382E5CC0}.Debug|x86.Build.0 = Debug|Win32
		{B908E4EC-7782-4DE9-A52F-EBE6382E5CC0}.Release|x64.ActiveCfg = Release|x64
		{B908E4EC-7782-4DE9-A52F-EBE6382E5CC0}.Release|x64.Build.0 = Release|x64
		{B908E4EC-7782-4DE9-A52F-EBE6382E5CC0}.Release|x86.ActiveCfg = Release|Win32
		{B908E4EC-7782-4DE9-A52F-EBE6382E5CC0}.Release|x86.Build.0 = Release|Win32
		{630A6186-280B-41C2-A72D-6BBF40D1831A}.Debug|x64.ActiveCfg = Debug|x64
		{630A6186-280B-41C2-A72D-6BBF40D1831A}.Debug|x64.Build.0 = Debug|x64
		{630A6186-280B-41C2-A72D-6BBF40D1831A}.Debug|x86.ActiveCfg = Debug|Win32
		{630A6186-280B-41C2-A72D-6BBF40D1831A}.Debug|x86.Build.0 = Debug|Win32
		{630A6186-280B-41C2-A72D-6BBF40D1831A}.Release|x64.ActiveCfg = Release|x64
		{630A6186-280B-41C2-A72D-6BBF40D1831A}.Release|x64.Build.0 = Release|x64
		{630A6186-280B-41C2-A72D-6BBF40D1831A}.Release|x86.ActiveCfg = Release|Win32
		{630A6186-280B-41C2-A72D-6BBF40D1831A}.Release|x86.Build.0 = Release|Win32
		{ED0678AD-4553-43CB-AA67-4A366E947B6B}.Debug|x64.ActiveCfg = Debug|x64
		{ED0678AD-4553-43CB-AA67-4A366E947B6B}.Debug|x64.Build.0 = Debug|x64
		{ED0678AD-4553-43CB-AA67-4A366E947B6B}.Debug|x86.ActiveCfg = Debug|Win32
		{ED0678AD-4553-43CB-AA67-4A366E947B6B}.Debug|x86.Build.0 = Debug|Win32
		{ED0678AD-4553-43CB-AA67-4A366E947B6B}.Release|x64.ActiveCfg = Release|x64
		{ED0678AD-4553-43CB-AA67-4A366E947B6B}.Release|x64.Build.0 = Release|x64
		{ED0678AD-4553-43CB-AA67-4A366E947B6B}.Release|x86.ActiveCfg = Release|Win32
		{ED0678AD-4553-43CB-AA67-4A366E947B6B}.Release|x86.Build.0 = Release|Win32
		{EFDC9F41-CD68-4688-9300-F863A8DD59D1}.Debug|x64.ActiveCfg = Debug|x64
		{EFDC9F41-CD68-4688-9300-F863A8DD59D1}.Debug|x64.Build.0 = Debug|x64
		{EFDC9F41-CD68-4688-9300-F863A8DD59D1}.Debug|x86.ActiveCfg = Debug|Win32
		{EFDC9F41-CD68-4688-9300-F863A8DD59D1}.Debug|x86.Build.0 = Debug|Win32
		{EFDC9F41-CD68-4688-9300-F863A8DD59D1}.Release|x64.ActiveCfg = Release|x64
		{EFDC9F41-CD68-4688-9300-F863A8DD59D1}.Release|x64.Build.0 = Release|x64
		{EFDC9F41-CD68-4688-9300-F863A8DD59D1}.Release|x86.ActiveCfg = Release|Win32
		{EFDC9F41-CD68-4688-9300-F863A8DD59D1}.Release|x86.Build.0 = Release|Win32
		{14E27AC2-674E-461B-95B0-7E57B1857A83}.Debug|x64.ActiveCfg = Debug|x64
		{14E27AC2-674E-461B-95B0-7E57B1857A83}.Debug|x64.Build.0 = Debug|x64
		{14E27AC2-674E-461B-95B0-7E57B1857A83}.Debug|x86.ActiveCfg = Debug|Win32
		{14E27AC2-674E-461B-95B0-7E57B1857A83}.Debug|x86.Build.0 = Debug|Win32
		{14E27AC2-674E-461B-95B0-7E57B1857A83}.Release|x64.ActiveCfg = Release|x64
		{14E27AC2-674E-461B-95B0-7E57B1857A83}.Release|x64.Build.0 = Release|x64
		{14E27AC2-674E-461B-95B0-7E57B1857A83}.Release|x86.ActiveCfg = Release|Win32
		{14E27AC2-674E-461B-95B0-7E57B1857A83}.Release|x86.Build.0 = Release|Win32
		{1D7F7AA7-BB91-425D-8D59-4F62176FC955}.Debug|x64.ActiveCfg = Debug|x64
		{1D7F7AA7-BB91-425D-8D59-4F62176FC955}.Debug|x64.Build.0 = Debug|x64
		{1D7F7AA7-BB91-425D-8D59-4F62176FC955}.Debug|x86.ActiveCfg = Debug|Win32
		{1D7F7AA7-BB91-425D-8D59-4F62176FC955}.Debug|x86.Build.0 = Debug|Win32
		{1D7F7AA7-BB91-425D-8D59-4F62176FC955}.Release|x64.ActiveCfg = Release|x64
		{1D7F7AA7-BB91-425D-8D59-4F62176FC955}.Release|x64.Build.0 = Release|x64
		{1D7F7AA7-BB91-425D-8D59-4F62176FC955}.Release|x86.ActiveCfg = Release|Win32
		{1D7F7AA7-BB91-425D-8D59-4F62176FC955}.Release|x86.Build.0 = Release|Win32
		{024AD03E-4C27-4BC2-9365-70145F9DAAE6}.Debug|x64.ActiveCfg = Debug|x64
		{024AD03E-4C27-4BC2-9365-70145F9DAAE6}.Debug|x64.Build.0 = Debug|x64
		{024AD03E-4C27-4BC2-9365-70145F9DAAE6}.Debug|x86.ActiveCfg = Debug|Win32
		{024AD03E-4C27-4BC2-9365-70145F9DAAE6}.Debug|x86.Build.0 = Debug|Win32
		{024AD03E-4C27-4BC2-9365-70145F9DAAE6}.Release|x64.ActiveCfg = Release|x64
		{024AD03E-4C27-4BC2-9365-70145F9DAAE6}.Release|x64.Build.0 = Release|x64
		{024AD03E-4C27-4BC2-9365-70145F9DAAE6}.Release|x86.ActiveCfg = Release|Win32
		{024AD03E-4C27-4BC2-9365-70145F9DAAE6}.Release|x86.Build.0 = Release|Win32
		{04229767-D707-4FA8-95A7-212343CFBF90}.Debug|x64.ActiveCfg = Debug|x64
		{04229767-D707-4FA8-95A7-212343CFBF90}.Debug|x64.Build.0 = Debug|x64
		{04229767-D707-4FA8-95A7-212343CFBF90}.Debug|x86.ActiveCfg = Debug|Win32
		{04229767-D707-4FA8-95A7-212343CFBF90}.Debug|x86.Build.0 = Debug|Win32
		{04229767-D707-4FA8-95A7-212343CFBF90}.Release|x64.ActiveCfg = Release|x64
		{04229767-D707-4FA8-95A7-212343CFBF90}.Release|x64.Build.0 = Release|x64
		{04229767-D707-4FA8-95A7-212343CFBF90}.Release|x86.ActiveCfg = Release|Win32
		{04229767-D707-4FA8-95A7-212343CFBF90}.Release|x86.Build.0 = Release|Win32
		{82A5C475-B641-4B26-B08D-1D173896CE51}.Debug|x64.ActiveCfg = Debug|x64
		{82A5C475-B641-4B26-B08D-1D173896CE51}.Debug|x64.Build.0 = Debug|x64
		{82A5C475-B641-4B26-B08D-1D173896CE51}.Debug|x86.ActiveCfg = Debug|Win32
		{82A5C475-B641-4B26-B08D-1D173896CE51}.Debug|x86.Build.0 = Debug|Win32
		{82A5C475-B641-4B26-B08D-1D173896CE51}.Release|x64.ActiveCfg = Release|x64
		{82A5C475-B641-4B26-B08D-1D173896CE51}.Release|x64.Build.0 = Release|x64
		{82A5C475-B641-4B26-B08D-1D173896CE51}.Release|x86.ActiveCfg = Release|Win32
		{82A5C475-B641-4B26-B08D-1D173896CE51}.Release|x86.Build.0 = Release|Win32
		{C96EB1FB-6EA0-4A6B-8236-E9F83A14CC31}.Debug|x64.ActiveCfg = Debug|x64
		{C96EB1FB-6EA0-4A6B-8236-E9F83A14CC31}.Debug|x64.Build.0 = Debug|x64
		{C96EB1FB-6EA0-4A6B-8236-E9F83A14CC31}.Debug|x86.ActiveCfg = Debug|Win32
		{C96EB1FB-6EA0-4A6B-8236-E9F83A14CC31}.Debug|x86.Build.0 = Debug|Win32
		{C96EB1FB-6EA0-4A6B-8236-E9F83A14CC31}.Release|x64.ActiveCfg = Release|x64
		{C96EB1FB-6EA0-4A6B-8236-E9F83A14CC31}.Release|x64.Build.0 = Release|x64
		{C96EB1FB-6EA0-4A6B-8236-E9F83A14CC31}.Release|x86.ActiveCfg = Release|Win32
		{C96EB1FB-6EA0-4A6B-8236-E9F83A14CC31}.Release|x86.Build.0 = Release|Win32
		{5E6E7D12-13C9-4253-B71E-E06986D5C4BD}.Debug|x64.ActiveCfg = Debug|x64
		{5E6E7D12-13C9-4253-B71E-E06986D5C4BD}.Debug|x64.Build.0 = Debug|x64
		{5E6E7D12-13C9-4253-B71E-E06986D5C4BD}.Debug|x86.ActiveCfg = Debug|Win32
		{5E6E7D12-13C9-4253-B71E-E06986D5C4BD}.Debug|x86.Build.0 = Debug|Win32
		{5E6E7D12-13C9-4253-B71E-E06986D5C4BD}.Release|x64.ActiveCfg = Release|x64
		{5E6E7D12-13C9-4253-B71E-E06986D5C4BD}.Release|x64.Build.0 = Release|x64
		{5E6E7D12-13C9-4253-B71E-E06986D5C4BD}.Release|x86.ActiveCfg = Release|Win32
		{5E6E7D12-13C9-4253-B71E-E06986D5C4BD}.Release|x86.Build.0 = Release|Win32
		{BD2B8643-B91D-44B8-B870-960B99A6D350}.Debug|x64.ActiveCfg = Debug|x64
		{BD2B8643-B91D-44B8-B870-960B99A6D350}.Debug|x64.Build.0 = Debug|x64
		{BD2B8643-B91D-44B8-B870-960B99A6D350}.Debug|x86.ActiveCfg = Debug|Win32
		{BD2B8643-B91D-44B8-B870-960B99A6D350}.Debug|x86.Build.0 = Debug|Win32
		{BD2B8643-B91D-44B8-B870-960B99A6D350}.Release|x64.ActiveCfg = Release|x64
		{BD2B8643-B91D-44B8-B870-960B99A6D350}.Release|x64.Build.0 = Release|x64
		{BD2B8643-B91D-44B8-B870-960B99A6D350}.Release|x86.ActiveCfg = Release|Win32
		{BD2B8643-B91D-44B8-B870-960B99A6D350}.Release|x86.Build.0 = Release|Win32
		{8D852265-CB30-4B93-A569-D3A0089EC0A3}.Debug|x64.ActiveCfg = Debug|x64
		{8D852265-CB30-4B93-A569-D3A0089EC0A3}.Debug|x64.Build.0 = Debug|x64
		{8D852265-CB30-4B93-A569-D3A0089EC0A3}.Debug|x86.ActiveCfg = Debug|Win32
		{8D852265-CB30-4B93-A569-D3A0089EC0A3}.Debug|x86.Build.0 = Debug|Win32
		{8D852265-CB30-4B93-A569-D3A0089EC0A3}.Release|x64.ActiveCfg = Release|x64
		{8D852265-CB30-4B93-A569-D3A0089EC0A3}.Release|x64.Build.0 = Release|x64
		{8D852265-CB30-4B93-A569-D3A0089EC0A3}.Release|x86.ActiveCfg = Release|Win32
		{8D852265-CB30-4B93-A569-D3A0089EC0A3}.Release|x86.Build.0 = Release|Win32
		{D3D4312D-C79C-485E-BA5F-E35C2B7129FF}.Debug|x64.ActiveCfg = Debug|x64
		{D3D4312D-C79C-485E-BA5F-E35C2B7129FF}.Debug|x64.Build.0 = Debug|x64
		{D3D4312D-C79C-485E-BA5F-E35C2B7129FF}.Debug|x86.ActiveCfg = Debug|Win32
		{D3D4312D-C79C-485E-BA5F-E35C2B7129FF}.Debug|x86.Build.0 = Debug|Win32
		{D3D4312D-C79C-485E-BA5F-E35C2B7129FF}.Release|x64.ActiveCfg = Release|x64
		{D3D4312D-C79C-485E-BA5F-E35C2B7129FF}.Release|x64.Build.0 = Release|x64
		{D3D4312D-C79C-485E-BA5F-E35C2B7129FF}.Release|x86.ActiveCfg = Release|Win32
		{D3D4312D-C79C-485E-BA5F-E35C2B7129FF}.Release|x86.Build.0 = Release|Win32
		{A7A00AC8-2121-4A3F-80A3-66FCB82500A1}.Debug|x64.ActiveCfg = Debug|x64
		{A7A00AC8-2121-4A3F-80A3-66FCB82500A1}.Debug|x64.Build.0 = Debug|x64
		{A7A00AC8-2121-4A3F-80A3-66FCB82500A1}.Debug|x86.ActiveCfg = Debug|Win32
		{A7A00AC8-2121-4A3F-80A3-66FCB82500A1}.Debug|x86.Build.0 = Debug|Win32
		{A7A00AC8-2121-4A3F-80A3-66FCB82500A1}.Release|x64.ActiveCfg = Release|x64
		{A7A00AC8-2121-4A3F-80A3-66FCB82500A1}.Release|x64.Build.0 = Release|x64
		{A7A00AC8-2121-4A3F-80A3-66FCB82500A1}.Release|x86.ActiveCfg = Release|Win32
		{A7A00AC8-2121-4A3F-80A3-66FCB82500A1}.Release|x86.Build.0 = Release|Win32
		{2E1E2E5F-9CF6-4FF2-8647-313D04153074}.Debug|x64.ActiveCfg = Debug|x64
		{2E1E2E5F-9CF6-4FF2-8647-313D04153074}.Debug|x64.Build.0 = Debug|x64
		{2E1E2E5F-9CF6-4FF2-8647-313D04153074}.Debug|x86.ActiveCfg = Debug|Win32
		{2E1E2E5F-9CF6-4FF2-8647-313D04153074}.Debug|x86.Build.0 = Debug|Win32
		{2E1E2E5F-9CF6-4FF2-8647-313D04153074}.Release|x64.ActiveCfg = Release|x64
		{2E1E2E5F-9CF6-4FF2-8647-313D04153074}.Release|x64.Build.0 = Release|x64
		{2E1E2E5F-9CF6-4FF2-8647-313D04153074}.Release|x86.ActiveCfg = Release|Win32
		{2E1E2E5F-9CF6-4FF2-8647-313D04153074}.Release|x86.Build.0 = Release|Win32
		{316B71C2-5F11-4F2A-8971-7E3BD555023F}.Debug|x64.ActiveCfg = Debug|x64
		{316B71C2-5F11-4F2A-8971-7E3BD555023F}.Debug|x64.Build.0 = Debug|x64
		{316B71C2-5F11-4F2A-8971-7E3BD555023F}.Debug|x86.ActiveCfg = Debug|Win32
		{316B71C2-5F11-4F2A-8971-7E3BD555023F}.Debug|x86.Build.0 = Debug|Win32
		{316B71C2-5F11-4F2A-8971-7E3BD555023F}.Release|x64.ActiveCfg = Release|x64
		{316B71C2-5F11-4F2A-8971-7E3BD555023F}.Release|x64.Build.0 = Release|x64
		{316B71C2-5F11-4F2A-8971-7E3BD555023F}.Release|x86.ActiveCfg = Release|Win32
		{316B71C2-5F11-4F2A-8971-7E3BD555023F}.Release|x86.Build.0 = Release|Win32
		{3337A9C8-1E06-43E9-8468-1AE83C84E11A}.Debug|x64.ActiveCfg = Debug|x64
		{3337A9C8-1E06-43E9-8468-1AE83C84E11A}.Debug|x64.Build.0 = Debug|x64
		{3337A9C8-1E06-43E9-8468-1AE83C84E11A}.Debug|x86.ActiveCfg = Debug|Win32
		{3337A9C8-1E06-43E9-8468-1AE83C84E11A}.Debug|x86.Build.0 = Debug|Win32
		{3337A9C8-1E06-43E9-8468-1AE83C84E11A}.Release|x64.ActiveCfg = Release|x64
		{3337A9C8-1E06-43E9-8468-1AE83C84E11A}.Release|x64.Build.0 = Release|x64
		{3337A9C8-1E06-43E9-8468-1AE83C84E11A}.Release|x86.ActiveCfg = Release|Win32
		{3337A9C8-1E06-43E9-8468-1AE83C84E11A}.Release|x86.Build.0 = Release|Win32
		{9CEC46F0-EDBC-459C-8577-79F64FD81632}.Debug|x64.ActiveCfg = Debug|x64
		{9CEC46F0-EDBC-459C-8577-79F64FD81632}.Debug|x64.Build.0 = Debug|x64
		{9CEC46F0-EDBC-459C-8577-79F64FD81632}.Debug|x86.ActiveCfg = Debug|Win32
		{9CEC46F0-EDBC-459C-8577-79F64FD81632}.Debug|x86.Build.0 = Debug|Win32
		{9CEC46F0-EDBC-459C-8577-79F64FD81632}.Release|x64.ActiveCfg = Release|x64
		{9CEC46F0-EDBC-459C-8577-79F64FD81632}.Release|x64.Build.0 = Release|x64
		{9CEC46F0-EDBC-459C-8577-79F64FD81632}.Release|x86.ActiveCfg = Release|Win32
		{9CEC46F0-EDBC-459C-8577-79F64FD81632}.Release|x86.Build.0 = Release|Win32
		{CF1F8E64-E5B4-43C2-8357-65F5A704568B}.Debug|x64.ActiveCfg = Debug|x64
		{CF1F8E64-E5B4-43C2-8357-65F5A704568B}.Debug|x64.Build.0 = Debug|x64
		{CF1F8E64-E5B4-43C2-8357-65F5A704568B}.Debug|x86.ActiveCfg = Debug|Win32
		{CF1F8E64-E5B4-43C2-8357-65F5A704568B}.Debug|x86.Build.0 = Debug|Win32
		{CF1F8E64-E5B4-43C2-8357-65F5A704568B}.Release|x64.ActiveCfg = Release|x64
		{CF1F8E64-E5B4-43C2-8357-65F5A704568B}.Release|x64.Build.0 = Release|x64
		{CF1F8E64-E5B4-43C2-8357-65F5A704568B}.Release|x86.ActiveCfg = Release|Win32
		{CF1F8E64-E5B4-43C2-8357-65F5A704568B}.Release|x86.Build.0 = Release|Win32
		{47B2574B-597D-4E36-BD2C-995757F0F8D5}.Debug|x64.ActiveCfg = Debug|x64
		{47B2574B-597D-4E36-BD2C-995757F0F8D5}.Debug|x64.Build.0 = Debug|x64
		{47B2574B-597D-4E36-BD2C-995757F0F8D5}.Debug|x86.ActiveCfg = Debug|Win32
		{47B2574B-597D-4E36-BD2C-995757F0F8D5}.Debug|x86.Build.0 = Debug|Win32
		{47B2574B-597D-4E36-BD2C-995757F0F8D5}.Release|x64.ActiveCfg = Release|x64
		{47B2574B-597D-4E36-BD2C-995757F0F8D5}.Release|x64.Build.0 = Release|x64
		{47B2574B-597D-4E36-BD2C-995757F0F8D5}.Release|x86.ActiveCfg = Release|Win32
		{47B2574B-597D-4E36-BD2C-995757F0F8D5}.Release|x86.Build.0 = Release|Win32
		{27D6C859-67D7-4261-B43A-2885EA363745}.Debug|x64.ActiveCfg = Debug|x64
		{27D6C859-67D7-4261-B43A-2885EA363745}.Debug|x64.Build.0 = Debug|x64
		{27D6C859-67D7-4261-B43A-2885EA363745}.Debug|x86.ActiveCfg = Debug|Win32
		{27D6C859-67D7-4261-B43A-2885EA363745}.Debug|x86.Build.0 = Debug|Win32
		{27D6C859-67D7-4261-B43A-2885EA363745}.Release|x64.ActiveCfg = Release|x64
		{27D6C859-67D7-4261-B43A-2885EA363745}.Release|x64.Build.0 = Release|x64
		{27D6C859-67D7-4261-B43A-2885EA363745}.Release|x86.ActiveCfg = Release|Win32
		{27D6C859-67D7-4261-B43A-2885EA363745}.Release|x86.Build.0 = Release|Win32
		{D4EC2679-9C59-4D3E-9E95-3448953CC90C}.Debug|x64.ActiveCfg = Debug|x64
		{D4EC2679-9C59-4D3E-9E95-3448953CC90C}.Debug|x64.Build.0 = Debug|x64
		{D4EC2679-9C59-4D3E-9E95-3448953CC90C}.Debug|x86.ActiveCfg = Debug|Win32
		{D4EC2679-9C59-4D3E-9E95-3448953CC90C}.Debug|x86.Build.0 = Debug|Win32
		{D4EC2679-9C59-4D3E-9E95-3448953CC90C}.Release|x64.ActiveCfg = Release|x64
		{D4EC2679-9C59-4D3E-9E95-3448953CC90C}.Release|x64.Build.0 = Release|x64
		{D4EC2679-9C59-4D3E-9E95-3448953CC90C}.Release|x86.ActiveCfg = Release|Win32
		{D4EC2679-9C59-4D3E-9E95-3448953CC90C}.Release|x86.Build.0 = Release|Win32
		{B3588800-0DFA-4279-BC64-1FF65343BC75}.Debug|x64.ActiveCfg = Debug|x64
		{B3588800-0DFA-4279-BC64-1FF65343BC75}.Debug|x64.Build.0 = Debug|x64
		{B3588800-0DFA-4279-BC64-1FF65343BC75}.Debug|x86.ActiveCfg = Debug|Win32
		{B3588800-0DFA-4279-BC64-1FF65343BC75}.Debug|x86.Build.0 = Debug|Win32
		{B3588800-0DFA-4279-BC64-1FF65343BC75}.Release|x64.ActiveCfg = Release|x64
		{B3588800-0DFA-4279-BC64-1FF65343BC75}.Release|x64.Build.0 = Release|x64
		{B3588800-0DFA-4279-BC64-1FF65343BC75}.Release|x86.ActiveCfg = Release|Win32
		{B3588800-0DFA-4279-BC64-1FF65343BC75}.Release|x86.Build.0 = Release|Win32
		{9179761C-3253-4BE6-B981-562A32B7DDD1}.Debug|x64.ActiveCfg = Debug|x64
		{9179761C-3253-4BE6-B981-562A32B7DDD1}.Debug|x64.Build.0 = Debug|x64
		{9179761C-3253-4BE6-B981-562A32B7DDD1}.Debug|x86.ActiveCfg = Debug|Win32
		{9179761C-3253-4BE6-B981-562A32B7DDD1}.Debug|x86.Build.0 = Debug|Win32
		{9179761C-3253-4BE6-B981-562A32B7DDD1}.Release|x64.ActiveCfg = Release|x64
		{9179761C-3253-4BE6-B981-562A32B7DDD1}.Release|x64.Build.0 = Release|x64
		{9179761C-3253-4BE6-B981-562A32B7DDD1}.Release|x86.ActiveCfg = Release|Win32
		{9179761C-3253-4BE6-B981-562A32B7DDD1}.Release|x86.Build.0 = Release|Win32
		{FAA82840-0755-46D3-A63F-6E783FA805A8}.Debug|x64.ActiveCfg = Debug|x64
		{FAA82840-0755-46D3-A63F-6E783FA805A8}.Debug|x64.Build.0 = Debug|x64
		{FAA82840-0755-46D3-A63F-6E783FA805A8}.Debug|x86.ActiveCfg = Debug|Win32
		{FAA82840-0755-46D3-A63F-6E783FA805A8}.Debug|x86.Build.0 = Debug|Win32
		{FAA82840-0755-46D3-A63F-6E783FA805A8}.Release|x64.ActiveCfg = Release|x64
		{FAA82840-0755-46D3-A63F-6E783FA805A8}.Release|x64.Build.0 = Release|x64
		{FAA82840-0755-46D3-A63F-6E783FA805A8}.Release|x86.ActiveCfg = Release|Win32
		{FAA82840-0755-46D3-A63F-6E783FA805A8}.Release|x86.Build.0 = Release|Win32
		{6BEC411A-FB9D-436F-BF5F-89D8EBE0DC89}.Debug|x64.ActiveCfg = Debug|x64
		{6BEC411A-FB9D-436F-BF5F-89D8EBE0DC89}.Debug|x64.Build.0 = Debug|x64
		{6BEC411A-FB9D-436F-BF5F-89D8EBE0DC89}.Debug|x86.ActiveCfg = Debug|Win32
		{6BEC411A-FB9D-436F-BF5F-89D8EBE0DC89}.Debug|x86.Build.0 = Debug|Win32
		{6BEC411A-FB9D-436F-BF5F-89D8EBE0DC89}.Release|x64.ActiveCfg = Release|x64
		{6BEC411A-FB9D-436F-BF5F-89D8EBE0DC89}.Release|x64.Build.0 = Release|x64
		{6BEC411A-FB9D-436F-BF5F-89D8EBE0DC89}.Release|x86.ActiveCfg = Release|Win32
		{6BEC411A-FB9D-436F-BF5F-89D8EBE0DC89}.Release|x86.Build.0 = Release|Win32
		{431C436F-00E3-407C-A7DD-E24BB5B644F2}.Debug|x64.ActiveCfg = Debug|x64
		{431C436F-00E3-407C-A7DD-E24BB5B644F2}.Debug|x64.Build.0 = Debug|x64
		{431C436F-00E3-407C-A7DD-E24BB5B644F2}.Debug|x86.ActiveCfg = Debug|Win32
		{431C436F-00E3-407C-A7DD-E24BB5B644F2}.Debug|x86.Build.0 = Debug|Win32
		{431C436F-00E3-407C-A7DD-E24BB5B644F2}.Release|x64.ActiveCfg = Release|x64
		{431C436F-00E3-407C-A7DD-E24BB5B644F2}.Release|x64.Build.0 = Release|x64
		{431C436F-00E3-407C-A7DD-E24BB5B644F2}.Release|x86.ActiveCfg = Release|Win32
		{431C436F-00E3-407C-A7DD-E24BB5B644F2}.Release|x86.Build.0 = Release|Win32
		{C1A6DAAF-310B-4D7C-9A23-ADD9CF87952C}.Debug|x64.ActiveCfg = Debug|x64
		{C1A6DAAF-310B-4D7C-9A23-ADD9CF87952C}.Debug|x64.Build.0 = Debug|x64
		{C1A6DAAF-310B-4D7C-9A23-ADD9CF87952C}.Debug|x86.ActiveCfg = Debug|Win32
		{C1A6DAAF-310B-4D7C-9A23-ADD9CF87952C}.Debug|x86.Build.0 = Debug|Win32
		{C1A6DAAF-310B-4D7C-9A23-ADD9CF87952C}.Release|x64.ActiveCfg = Release|x64
		{C1A6DAAF-310B-4D7C-9A23-ADD9CF87952C}.Release|x64.Build.0 = Release|x64
		{C1A6DAAF-310B-4D7C-9A23-ADD9CF87952C}.Release|x86.ActiveCfg = Release|Win32
		{C1A6DAAF-310B-4D7C-9A23-ADD9CF87952C}.Release|x86.Build.0 = Release|Win32
		{3C93F73D-2EBF-461B-9CCC-7376BBA77DB0}.Debug|x64.ActiveCfg = Debug|x64
		{3C93F73D-2EBF-461B-9CCC-7376BBA77DB0}.Debug|x64.Build.0 = Debug|x64
		{3C93F73D-2EBF-461B-9CCC-7376BBA77DB0}.Debug|x86.ActiveCfg = Debug|Win32
		{3C93F73D-2EBF-461B-9CCC-7376BBA77DB0}.Debug|x86.Build.0 = Debug|Win32
		{3C93F73D-2EBF-461B-9CCC-7376BBA77DB0}.Release|x64.ActiveCfg = Release|x64
		{3C93F73D-2EBF-461B-9CCC-7376BBA77DB0}.Release|x64.Build.0 = Release|x64
		{3C93F73D-2EBF-461B-9CCC-7376BBA77DB0}.Release|x86.ActiveCfg = Release|Win32
		{3C93F73D-2EBF-461B-9CCC-7376BBA77DB0}.Release|x86.Build.0 = Release|Win32
		{CD7ABF95-3520-4FBF-9EDB-8972F8CF6290}.Debug|x64.ActiveCfg = Debug|x64
		{CD7ABF95-3520-4FBF-9EDB-8972F8CF6290}.Debug|x64.Build.0 = Debug|x64
		{CD7ABF95-3520-4FBF-9EDB-8972F8CF6290}.Debug|x86.ActiveCfg = Debug|Win32
		{CD7ABF95-3520-4FBF-9EDB-8972F8CF6290}.Debug|x86.Build.0 = Debug|Win32
		{CD7ABF95-3520-4FBF-9EDB-8972F8CF6290}.Release|x64.ActiveCfg = Release|x64
		{CD7ABF95-3520-4FBF-9EDB-8972F8CF6290}.Release|x64.Build.0 = Release|x64
		{CD7ABF95-3520-4FBF-9EDB-8972F8CF6290}.Release|x86.ActiveCfg = Release|Win32
		{CD7ABF95-3520-4FBF-9EDB-8972F8CF6290}.Release|x86.Build.0 = Release|Win32
	EndGlobalSection
	GlobalSection(SolutionProperties) = preSolution
		HideSolutionNode = FALSE
	EndGlobalSection
	GlobalSection(ExtensibilityGlobals) = postSolution
		SolutionGuid = {C484A6B3-24A5-4088-9B8E-7E4AA8F531D0}
	EndGlobalSection
EndGlobal
